// !$*UTF8*$!
{
	archiveVersion = 1;
	classes = {
	};
	objectVersion = 55;
	objects = {

/* Begin PBXBuildFile section */
		3707F48A29227AD900618458 /* LoginViewController.swift in Sources */ = {isa = PBXBuildFile; fileRef = 3707F48929227AD900618458 /* LoginViewController.swift */; };
		3707F48E29227BF400618458 /* TabBarController.swift in Sources */ = {isa = PBXBuildFile; fileRef = 3707F48D29227BF400618458 /* TabBarController.swift */; };
		370B1FFA291A27E50092F502 /* TranslationAPI.swift in Sources */ = {isa = PBXBuildFile; fileRef = 370B1FF9291A27E50092F502 /* TranslationAPI.swift */; };
		370B1FFC291A291E0092F502 /* TranslationManager.swift in Sources */ = {isa = PBXBuildFile; fileRef = 370B1FFB291A291E0092F502 /* TranslationManager.swift */; };
		370B2000291A5C5B0092F502 /* Entitlements.plist in Resources */ = {isa = PBXBuildFile; fileRef = 370B1FFF291A5C5B0092F502 /* Entitlements.plist */; };
		370B2002291AB6560092F502 /* PushNotificationManager.swift in Sources */ = {isa = PBXBuildFile; fileRef = 370B2001291AB6560092F502 /* PushNotificationManager.swift */; };
		370B2004291ABAD40092F502 /* PushNotificationSender.swift in Sources */ = {isa = PBXBuildFile; fileRef = 370B2003291ABAD40092F502 /* PushNotificationSender.swift */; };
		371AE11029138F6D003B16BB /* InfoWindowView.swift in Sources */ = {isa = PBXBuildFile; fileRef = 371AE10F29138F6D003B16BB /* InfoWindowView.swift */; };
		371AE11429139061003B16BB /* InfoWindowView.xib in Resources */ = {isa = PBXBuildFile; fileRef = 371AE11329139061003B16BB /* InfoWindowView.xib */; };
		37233C392927BF7B0093A2E6 /* PreviewViewController.swift in Sources */ = {isa = PBXBuildFile; fileRef = 37233C382927BF7B0093A2E6 /* PreviewViewController.swift */; };
		37233C422929DAFB0093A2E6 /* IngredientHeaderCell.swift in Sources */ = {isa = PBXBuildFile; fileRef = 37233C402929DAFB0093A2E6 /* IngredientHeaderCell.swift */; };
		37233C432929DAFB0093A2E6 /* IngredientHeaderCell.xib in Resources */ = {isa = PBXBuildFile; fileRef = 37233C412929DAFB0093A2E6 /* IngredientHeaderCell.xib */; };
		37233C462929DB0F0093A2E6 /* ProcedureHeaderCell.swift in Sources */ = {isa = PBXBuildFile; fileRef = 37233C442929DB0F0093A2E6 /* ProcedureHeaderCell.swift */; };
		37233C472929DB0F0093A2E6 /* ProcedureHeaderCell.xib in Resources */ = {isa = PBXBuildFile; fileRef = 37233C452929DB0F0093A2E6 /* ProcedureHeaderCell.xib */; };
		37233C65292A56AD0093A2E6 /* travelingCamera.json in Resources */ = {isa = PBXBuildFile; fileRef = 37233C5F292A56AC0093A2E6 /* travelingCamera.json */; };
		37233C66292A56AD0093A2E6 /* photoscanMobile.json in Resources */ = {isa = PBXBuildFile; fileRef = 37233C60292A56AC0093A2E6 /* photoscanMobile.json */; };
		37233C67292A56AD0093A2E6 /* cloudStorage.json in Resources */ = {isa = PBXBuildFile; fileRef = 37233C61292A56AC0093A2E6 /* cloudStorage.json */; };
		37233C68292A56AD0093A2E6 /* shareFood.json in Resources */ = {isa = PBXBuildFile; fileRef = 37233C62292A56AC0093A2E6 /* shareFood.json */; };
		37233C69292A56AD0093A2E6 /* socialNetworking.json in Resources */ = {isa = PBXBuildFile; fileRef = 37233C63292A56AC0093A2E6 /* socialNetworking.json */; };
		37233C6A292A56AD0093A2E6 /* taskList.json in Resources */ = {isa = PBXBuildFile; fileRef = 37233C64292A56AC0093A2E6 /* taskList.json */; };
		37233C71292A608D0093A2E6 /* ShoppingList+CoreDataClass.swift in Sources */ = {isa = PBXBuildFile; fileRef = 37233C6F292A608D0093A2E6 /* ShoppingList+CoreDataClass.swift */; };
		37233C72292A608D0093A2E6 /* ShoppingList+CoreDataProperties.swift in Sources */ = {isa = PBXBuildFile; fileRef = 37233C70292A608D0093A2E6 /* ShoppingList+CoreDataProperties.swift */; };
		3729FE1A292CD52D00F7E2F3 /* BlockListViewController.swift in Sources */ = {isa = PBXBuildFile; fileRef = 3729FE19292CD52D00F7E2F3 /* BlockListViewController.swift */; };
		3729FE1D292CD7A600F7E2F3 /* BLockListCell.swift in Sources */ = {isa = PBXBuildFile; fileRef = 3729FE1B292CD7A600F7E2F3 /* BLockListCell.swift */; };
		3729FE1E292CD7A600F7E2F3 /* BLockListCell.xib in Resources */ = {isa = PBXBuildFile; fileRef = 3729FE1C292CD7A600F7E2F3 /* BLockListCell.xib */; };
		372E3A8E2913DCA200250DAA /* ChatListViewController.swift in Sources */ = {isa = PBXBuildFile; fileRef = 372E3A8D2913DCA200250DAA /* ChatListViewController.swift */; };
		372E3A902913DCAE00250DAA /* ChatRoomViewController.swift in Sources */ = {isa = PBXBuildFile; fileRef = 372E3A8F2913DCAE00250DAA /* ChatRoomViewController.swift */; };
		372E3A922913E0E200250DAA /* ChatListCell.swift in Sources */ = {isa = PBXBuildFile; fileRef = 372E3A912913E0E200250DAA /* ChatListCell.swift */; };
		372E3A952913E27100250DAA /* MineMessageCell.swift in Sources */ = {isa = PBXBuildFile; fileRef = 372E3A932913E27100250DAA /* MineMessageCell.swift */; };
		372E3A962913E27100250DAA /* MineMessageCell.xib in Resources */ = {isa = PBXBuildFile; fileRef = 372E3A942913E27100250DAA /* MineMessageCell.xib */; };
		372E3A992913E28100250DAA /* OthersMessageCell.swift in Sources */ = {isa = PBXBuildFile; fileRef = 372E3A972913E28100250DAA /* OthersMessageCell.swift */; };
		372E3A9A2913E28100250DAA /* OthersMessageCell.xib in Resources */ = {isa = PBXBuildFile; fileRef = 372E3A982913E28100250DAA /* OthersMessageCell.xib */; };
		372E3AA42916550D00250DAA /* MineLocationCell.swift in Sources */ = {isa = PBXBuildFile; fileRef = 372E3AA22916550D00250DAA /* MineLocationCell.swift */; };
		372E3AA52916550D00250DAA /* MineLocationCell.xib in Resources */ = {isa = PBXBuildFile; fileRef = 372E3AA32916550D00250DAA /* MineLocationCell.xib */; };
		372E3AA82916551C00250DAA /* OtherLocationCell.swift in Sources */ = {isa = PBXBuildFile; fileRef = 372E3AA62916551C00250DAA /* OtherLocationCell.swift */; };
		372E3AA92916551C00250DAA /* OtherLocationCell.xib in Resources */ = {isa = PBXBuildFile; fileRef = 372E3AA72916551C00250DAA /* OtherLocationCell.xib */; };
		372E3AAC291655D400250DAA /* MineImageCell.swift in Sources */ = {isa = PBXBuildFile; fileRef = 372E3AAA291655D400250DAA /* MineImageCell.swift */; };
		372E3AAD291655D400250DAA /* MineImageCell.xib in Resources */ = {isa = PBXBuildFile; fileRef = 372E3AAB291655D400250DAA /* MineImageCell.xib */; };
		372E3AB0291655E200250DAA /* OtherImageCell.swift in Sources */ = {isa = PBXBuildFile; fileRef = 372E3AAE291655E200250DAA /* OtherImageCell.swift */; };
		372E3AB1291655E200250DAA /* OtherImageCell.xib in Resources */ = {isa = PBXBuildFile; fileRef = 372E3AAF291655E200250DAA /* OtherImageCell.xib */; };
		372E3AB4291655F600250DAA /* MineVoiceCell.swift in Sources */ = {isa = PBXBuildFile; fileRef = 372E3AB2291655F600250DAA /* MineVoiceCell.swift */; };
		372E3AB5291655F600250DAA /* MineVoiceCell.xib in Resources */ = {isa = PBXBuildFile; fileRef = 372E3AB3291655F600250DAA /* MineVoiceCell.xib */; };
		372E3AB82916560600250DAA /* OtherVoiceCell.swift in Sources */ = {isa = PBXBuildFile; fileRef = 372E3AB62916560600250DAA /* OtherVoiceCell.swift */; };
		372E3AB92916560600250DAA /* OtherVoiceCell.xib in Resources */ = {isa = PBXBuildFile; fileRef = 372E3AB72916560600250DAA /* OtherVoiceCell.xib */; };
		3787536A290ED37300F06F4C /* SearchViewController.swift in Sources */ = {isa = PBXBuildFile; fileRef = 37875369290ED37300F06F4C /* SearchViewController.swift */; };
		3787536C290ED80900F06F4C /* ResultViewController.swift in Sources */ = {isa = PBXBuildFile; fileRef = 3787536B290ED80900F06F4C /* ResultViewController.swift */; };
		37875370290F824400F06F4C /* CookAndShare.xcdatamodeld in Sources */ = {isa = PBXBuildFile; fileRef = 3787536E290F824400F06F4C /* CookAndShare.xcdatamodeld */; };
		37875376290F96E600F06F4C /* CoreDataManager.swift in Sources */ = {isa = PBXBuildFile; fileRef = 37875375290F96E600F06F4C /* CoreDataManager.swift */; };
		37875378290F992200F06F4C /* ProfileViewController.swift in Sources */ = {isa = PBXBuildFile; fileRef = 37875377290F992200F06F4C /* ProfileViewController.swift */; };
		3787537C290F999000F06F4C /* Profile.storyboard in Resources */ = {isa = PBXBuildFile; fileRef = 3787537A290F999000F06F4C /* Profile.storyboard */; };
		3787537F290F9A4000F06F4C /* ProfileUserCell.swift in Sources */ = {isa = PBXBuildFile; fileRef = 3787537D290F9A4000F06F4C /* ProfileUserCell.swift */; };
		37875380290F9A4000F06F4C /* ProfileUserCell.xib in Resources */ = {isa = PBXBuildFile; fileRef = 3787537E290F9A4000F06F4C /* ProfileUserCell.xib */; };
		37875383290F9A4F00F06F4C /* ProfileListCell.swift in Sources */ = {isa = PBXBuildFile; fileRef = 37875381290F9A4F00F06F4C /* ProfileListCell.swift */; };
		37875384290F9A4F00F06F4C /* ProfileListCell.xib in Resources */ = {isa = PBXBuildFile; fileRef = 37875382290F9A4F00F06F4C /* ProfileListCell.xib */; };
		37875387290F9A6C00F06F4C /* ShoppingListCell.swift in Sources */ = {isa = PBXBuildFile; fileRef = 37875385290F9A6C00F06F4C /* ShoppingListCell.swift */; };
		37875388290F9A6C00F06F4C /* ShoppingListCell.xib in Resources */ = {isa = PBXBuildFile; fileRef = 37875386290F9A6C00F06F4C /* ShoppingListCell.xib */; };
		3787538A290FA61C00F06F4C /* AddToShoppingListVC.swift in Sources */ = {isa = PBXBuildFile; fileRef = 37875389290FA61C00F06F4C /* AddToShoppingListVC.swift */; };
		3787538C290FC5DD00F06F4C /* ShoppingListViewController.swift in Sources */ = {isa = PBXBuildFile; fileRef = 3787538B290FC5DD00F06F4C /* ShoppingListViewController.swift */; };
		3787538E2910098D00F06F4C /* SavedRecipeViewController.swift in Sources */ = {isa = PBXBuildFile; fileRef = 3787538D2910098D00F06F4C /* SavedRecipeViewController.swift */; };
		378C1C2D291F895A00CF8D38 /* successGold.json in Resources */ = {isa = PBXBuildFile; fileRef = 378C1C2C291F895A00CF8D38 /* successGold.json */; };
		378EA508291CD033004200F9 /* UserInputTextField.swift in Sources */ = {isa = PBXBuildFile; fileRef = 378EA507291CD033004200F9 /* UserInputTextField.swift */; };
		378EA50A291CEAF8004200F9 /* UIDatePicker+Ext.swift in Sources */ = {isa = PBXBuildFile; fileRef = 378EA509291CEAF8004200F9 /* UIDatePicker+Ext.swift */; };
		37A31314292E4DB8007E5E8C /* JWTClaims.swift in Sources */ = {isa = PBXBuildFile; fileRef = 37A31313292E4DB8007E5E8C /* JWTClaims.swift */; };
		37A31316292E6FF6007E5E8C /* Params.swift in Sources */ = {isa = PBXBuildFile; fileRef = 37A31315292E6FF6007E5E8C /* Params.swift */; };
		37BA50AC292FB6E500E88C57 /* JWTid.swift in Sources */ = {isa = PBXBuildFile; fileRef = 37BA50AB292FB6E500E88C57 /* JWTid.swift */; };
		37C622E72919FB4600A84263 /* FoodRecognitionViewController.swift in Sources */ = {isa = PBXBuildFile; fileRef = 37C622E62919FB4600A84263 /* FoodRecognitionViewController.swift */; };
		37C622E9291A09E500A84263 /* SeeFood.mlmodel in Sources */ = {isa = PBXBuildFile; fileRef = 37C622E8291A09E400A84263 /* SeeFood.mlmodel */; };
		37CBEC822910AE2B00A62EF2 /* NewShareViewController.swift in Sources */ = {isa = PBXBuildFile; fileRef = 37CBEC812910AE2B00A62EF2 /* NewShareViewController.swift */; };
		37CBEC852910B62000A62EF2 /* NewShareCell.swift in Sources */ = {isa = PBXBuildFile; fileRef = 37CBEC842910B62000A62EF2 /* NewShareCell.swift */; };
		37CBEC872910EF0300A62EF2 /* ShareViewController.swift in Sources */ = {isa = PBXBuildFile; fileRef = 37CBEC862910EF0300A62EF2 /* ShareViewController.swift */; };
		37CBEC8A2910EF2300A62EF2 /* Share.storyboard in Resources */ = {isa = PBXBuildFile; fileRef = 37CBEC882910EF2300A62EF2 /* Share.storyboard */; };
		37CBEC902910EFF100A62EF2 /* ShareCell.swift in Sources */ = {isa = PBXBuildFile; fileRef = 37CBEC8E2910EFF100A62EF2 /* ShareCell.swift */; };
		37CBEC912910EFF100A62EF2 /* ShareCell.xib in Resources */ = {isa = PBXBuildFile; fileRef = 37CBEC8F2910EFF100A62EF2 /* ShareCell.xib */; };
		37CBEC932910F26B00A62EF2 /* DateHelper.swift in Sources */ = {isa = PBXBuildFile; fileRef = 37CBEC922910F26B00A62EF2 /* DateHelper.swift */; };
		37CBEC952911110900A62EF2 /* PublicProfileViewController.swift in Sources */ = {isa = PBXBuildFile; fileRef = 37CBEC942911110900A62EF2 /* PublicProfileViewController.swift */; };
		37CBEC9C291155F200A62EF2 /* PublicProfileHeaderCell.swift in Sources */ = {isa = PBXBuildFile; fileRef = 37CBEC9A291155F200A62EF2 /* PublicProfileHeaderCell.swift */; };
		37CBEC9D291155F200A62EF2 /* PublicProfileHeaderCell.xib in Resources */ = {isa = PBXBuildFile; fileRef = 37CBEC9B291155F200A62EF2 /* PublicProfileHeaderCell.xib */; };
		37CBECA12912025A00A62EF2 /* PublicPostHeaderView.swift in Sources */ = {isa = PBXBuildFile; fileRef = 37CBEC9F2912025A00A62EF2 /* PublicPostHeaderView.swift */; };
		37CBECA22912025A00A62EF2 /* PublicPostHeaderView.xib in Resources */ = {isa = PBXBuildFile; fileRef = 37CBECA02912025A00A62EF2 /* PublicPostHeaderView.xib */; };
		37CBECA729120DC000A62EF2 /* PublicPostCell.swift in Sources */ = {isa = PBXBuildFile; fileRef = 37CBECA529120DC000A62EF2 /* PublicPostCell.swift */; };
		37CBECA829120DC000A62EF2 /* PublicPostCell.xib in Resources */ = {isa = PBXBuildFile; fileRef = 37CBECA629120DC000A62EF2 /* PublicPostCell.xib */; };
		37D69C59290BCF970034D8E1 /* AppDelegate.swift in Sources */ = {isa = PBXBuildFile; fileRef = 37D69C58290BCF970034D8E1 /* AppDelegate.swift */; };
		37D69C5B290BCF970034D8E1 /* SceneDelegate.swift in Sources */ = {isa = PBXBuildFile; fileRef = 37D69C5A290BCF970034D8E1 /* SceneDelegate.swift */; };
		37D69C60290BCF970034D8E1 /* Main.storyboard in Resources */ = {isa = PBXBuildFile; fileRef = 37D69C5E290BCF970034D8E1 /* Main.storyboard */; };
		37D69C62290BCF980034D8E1 /* Assets.xcassets in Resources */ = {isa = PBXBuildFile; fileRef = 37D69C61290BCF980034D8E1 /* Assets.xcassets */; };
		37D69C65290BCF980034D8E1 /* LaunchScreen.storyboard in Resources */ = {isa = PBXBuildFile; fileRef = 37D69C63290BCF980034D8E1 /* LaunchScreen.storyboard */; };
		37D69C6D290BD46D0034D8E1 /* GoogleService-Info.plist in Resources */ = {isa = PBXBuildFile; fileRef = 37D69C6C290BD46D0034D8E1 /* GoogleService-Info.plist */; };
		37D69C77290BDCEA0034D8E1 /* Recipe.swift in Sources */ = {isa = PBXBuildFile; fileRef = 37D69C76290BDCEA0034D8E1 /* Recipe.swift */; };
		37D69C79290BDD020034D8E1 /* User.swift in Sources */ = {isa = PBXBuildFile; fileRef = 37D69C78290BDD020034D8E1 /* User.swift */; };
		37D69C7E290BDF120034D8E1 /* Share.swift in Sources */ = {isa = PBXBuildFile; fileRef = 37D69C7D290BDF120034D8E1 /* Share.swift */; };
		37D69C80290BDF880034D8E1 /* Conversation.swift in Sources */ = {isa = PBXBuildFile; fileRef = 37D69C7F290BDF880034D8E1 /* Conversation.swift */; };
		37D69C82290BEBBA0034D8E1 /* RecipeViewController.swift in Sources */ = {isa = PBXBuildFile; fileRef = 37D69C81290BEBBA0034D8E1 /* RecipeViewController.swift */; };
		37D69C89290C0D500034D8E1 /* NewPostViewController.swift in Sources */ = {isa = PBXBuildFile; fileRef = 37D69C88290C0D500034D8E1 /* NewPostViewController.swift */; };
		37D69C8C290C11C40034D8E1 /* Constant.swift in Sources */ = {isa = PBXBuildFile; fileRef = 37D69C8B290C11C40034D8E1 /* Constant.swift */; };
		37D69C99290C14670034D8E1 /* NewPostCell.swift in Sources */ = {isa = PBXBuildFile; fileRef = 37D69C97290C14670034D8E1 /* NewPostCell.swift */; };
		37D69C9A290C14670034D8E1 /* NewPostCell.xib in Resources */ = {isa = PBXBuildFile; fileRef = 37D69C98290C14670034D8E1 /* NewPostCell.xib */; };
		37D69C9F290C14880034D8E1 /* DraftCell.swift in Sources */ = {isa = PBXBuildFile; fileRef = 37D69C9D290C14880034D8E1 /* DraftCell.swift */; };
		37D69CA0290C14880034D8E1 /* DraftCell.xib in Resources */ = {isa = PBXBuildFile; fileRef = 37D69C9E290C14880034D8E1 /* DraftCell.xib */; };
		37D69CA3290C15990034D8E1 /* UITableView+Ext.swift in Sources */ = {isa = PBXBuildFile; fileRef = 37D69CA2290C15990034D8E1 /* UITableView+Ext.swift */; };
		37D69CA5290C15B30034D8E1 /* UICollectionView+Ext.swift in Sources */ = {isa = PBXBuildFile; fileRef = 37D69CA4290C15B30034D8E1 /* UICollectionView+Ext.swift */; };
		37D69CA7290C1A0B0034D8E1 /* NewPostSupplementaryView.swift in Sources */ = {isa = PBXBuildFile; fileRef = 37D69CA6290C1A0B0034D8E1 /* NewPostSupplementaryView.swift */; };
		37D69CA9290C1A1E0034D8E1 /* DraftSupplementaryView.swift in Sources */ = {isa = PBXBuildFile; fileRef = 37D69CA8290C1A1E0034D8E1 /* DraftSupplementaryView.swift */; };
		37D69CAC290CBE050034D8E1 /* NewRecipeDescriptionCell.swift in Sources */ = {isa = PBXBuildFile; fileRef = 37D69CAA290CBE050034D8E1 /* NewRecipeDescriptionCell.swift */; };
		37D69CAD290CBE050034D8E1 /* NewRecipeDescriptionCell.xib in Resources */ = {isa = PBXBuildFile; fileRef = 37D69CAB290CBE050034D8E1 /* NewRecipeDescriptionCell.xib */; };
		37D69CB0290CBE1C0034D8E1 /* NewRecipeIngredientCell.swift in Sources */ = {isa = PBXBuildFile; fileRef = 37D69CAE290CBE1C0034D8E1 /* NewRecipeIngredientCell.swift */; };
		37D69CB1290CBE1C0034D8E1 /* NewRecipeIngredientCell.xib in Resources */ = {isa = PBXBuildFile; fileRef = 37D69CAF290CBE1C0034D8E1 /* NewRecipeIngredientCell.xib */; };
		37D69CB4290CBE310034D8E1 /* NewRecipeProcedureCell.swift in Sources */ = {isa = PBXBuildFile; fileRef = 37D69CB2290CBE310034D8E1 /* NewRecipeProcedureCell.swift */; };
		37D69CB5290CBE310034D8E1 /* NewRecipeProcedureCell.xib in Resources */ = {isa = PBXBuildFile; fileRef = 37D69CB3290CBE310034D8E1 /* NewRecipeProcedureCell.xib */; };
		37D69CB7290CD9070034D8E1 /* NewRecipeViewController.swift in Sources */ = {isa = PBXBuildFile; fileRef = 37D69CB6290CD9070034D8E1 /* NewRecipeViewController.swift */; };
		37D69CBC290CDD700034D8E1 /* NewPost.storyboard in Resources */ = {isa = PBXBuildFile; fileRef = 37D69CBA290CDD700034D8E1 /* NewPost.storyboard */; };
		37D69CBE290CE49B0034D8E1 /* NewRecipeHeaderView.swift in Sources */ = {isa = PBXBuildFile; fileRef = 37D69CBD290CE49B0034D8E1 /* NewRecipeHeaderView.swift */; };
		37D69CC0290CF3910034D8E1 /* NewRecipeFooterView.swift in Sources */ = {isa = PBXBuildFile; fileRef = 37D69CBF290CF3910034D8E1 /* NewRecipeFooterView.swift */; };
		37D69CC2290D10AE0034D8E1 /* String+Ext.swift in Sources */ = {isa = PBXBuildFile; fileRef = 37D69CC1290D10AE0034D8E1 /* String+Ext.swift */; };
		37D69CC5290D48790034D8E1 /* FirestoreManager.swift in Sources */ = {isa = PBXBuildFile; fileRef = 37D69CC4290D48790034D8E1 /* FirestoreManager.swift */; };
		37D7C19629127F13005B8781 /* MapViewController.swift in Sources */ = {isa = PBXBuildFile; fileRef = 37D7C19529127F13005B8781 /* MapViewController.swift */; };
		37D7C19929128E6D005B8781 /* Map.storyboard in Resources */ = {isa = PBXBuildFile; fileRef = 37D7C19729128E6D005B8781 /* Map.storyboard */; };
		37D7C1A129134F2E005B8781 /* Map.swift in Sources */ = {isa = PBXBuildFile; fileRef = 37D7C1A029134F2E005B8781 /* Map.swift */; };
		37D7C1A329135215005B8781 /* GoogleMapDataProvider.swift in Sources */ = {isa = PBXBuildFile; fileRef = 37D7C1A229135215005B8781 /* GoogleMapDataProvider.swift */; };
		37D7C1A72913579D005B8781 /* APIKey.swift in Sources */ = {isa = PBXBuildFile; fileRef = 37D7C1A62913579D005B8781 /* APIKey.swift */; };
		37E63617290E48FB00D516D4 /* Recipe.storyboard in Resources */ = {isa = PBXBuildFile; fileRef = 37E63615290E48FB00D516D4 /* Recipe.storyboard */; };
		37E6361B290E496300D516D4 /* HotRecipeCell.swift in Sources */ = {isa = PBXBuildFile; fileRef = 37E63619290E496300D516D4 /* HotRecipeCell.swift */; };
		37E6361C290E496300D516D4 /* HotRecipeCell.xib in Resources */ = {isa = PBXBuildFile; fileRef = 37E6361A290E496300D516D4 /* HotRecipeCell.xib */; };
		37E6361F290E497F00D516D4 /* AllRecipeCell.swift in Sources */ = {isa = PBXBuildFile; fileRef = 37E6361D290E497F00D516D4 /* AllRecipeCell.swift */; };
		37E63620290E497F00D516D4 /* AllRecipeCell.xib in Resources */ = {isa = PBXBuildFile; fileRef = 37E6361E290E497F00D516D4 /* AllRecipeCell.xib */; };
		37E63622290E4DD500D516D4 /* RecipeTypeCell.swift in Sources */ = {isa = PBXBuildFile; fileRef = 37E63621290E4DD500D516D4 /* RecipeTypeCell.swift */; };
		37E63624290E57BA00D516D4 /* RecipeHeaderView.swift in Sources */ = {isa = PBXBuildFile; fileRef = 37E63623290E57BA00D516D4 /* RecipeHeaderView.swift */; };
		37E63626290E598000D516D4 /* UIImageView+Ext.swift in Sources */ = {isa = PBXBuildFile; fileRef = 37E63625290E598000D516D4 /* UIImageView+Ext.swift */; };
		37E63628290E5EAB00D516D4 /* DetailRecipeViewController.swift in Sources */ = {isa = PBXBuildFile; fileRef = 37E63627290E5EAB00D516D4 /* DetailRecipeViewController.swift */; };
		37E6362D290E60D500D516D4 /* DetailBannerCell.swift in Sources */ = {isa = PBXBuildFile; fileRef = 37E6362B290E60D500D516D4 /* DetailBannerCell.swift */; };
		37E6362E290E60D500D516D4 /* DetailBannerCell.xib in Resources */ = {isa = PBXBuildFile; fileRef = 37E6362C290E60D500D516D4 /* DetailBannerCell.xib */; };
		37E63631290E60E800D516D4 /* DetailIngredientCell.swift in Sources */ = {isa = PBXBuildFile; fileRef = 37E6362F290E60E800D516D4 /* DetailIngredientCell.swift */; };
		37E63632290E60E800D516D4 /* DetailIngredientCell.xib in Resources */ = {isa = PBXBuildFile; fileRef = 37E63630290E60E800D516D4 /* DetailIngredientCell.xib */; };
		37E63635290E60F700D516D4 /* DetailProcedureCell.swift in Sources */ = {isa = PBXBuildFile; fileRef = 37E63633290E60F700D516D4 /* DetailProcedureCell.swift */; };
		37E63636290E60F700D516D4 /* DetailProcedureCell.xib in Resources */ = {isa = PBXBuildFile; fileRef = 37E63634290E60F700D516D4 /* DetailProcedureCell.xib */; };
		37FE7987291B935D005A3E3E /* UIColor+Ext.swift in Sources */ = {isa = PBXBuildFile; fileRef = 37FE7986291B935D005A3E3E /* UIColor+Ext.swift */; };
		3FCAABA4B3E38E622861E889 /* Pods_CookAndShare.framework in Frameworks */ = {isa = PBXBuildFile; fileRef = 2765B72C755ABFE4A4F5C911 /* Pods_CookAndShare.framework */; };
/* End PBXBuildFile section */

/* Begin PBXFileReference section */
		2765B72C755ABFE4A4F5C911 /* Pods_CookAndShare.framework */ = {isa = PBXFileReference; explicitFileType = wrapper.framework; includeInIndex = 0; path = Pods_CookAndShare.framework; sourceTree = BUILT_PRODUCTS_DIR; };
		3707F48929227AD900618458 /* LoginViewController.swift */ = {isa = PBXFileReference; lastKnownFileType = sourcecode.swift; path = LoginViewController.swift; sourceTree = "<group>"; };
		3707F48D29227BF400618458 /* TabBarController.swift */ = {isa = PBXFileReference; lastKnownFileType = sourcecode.swift; path = TabBarController.swift; sourceTree = "<group>"; };
		370B1FF9291A27E50092F502 /* TranslationAPI.swift */ = {isa = PBXFileReference; lastKnownFileType = sourcecode.swift; path = TranslationAPI.swift; sourceTree = "<group>"; };
		370B1FFB291A291E0092F502 /* TranslationManager.swift */ = {isa = PBXFileReference; lastKnownFileType = sourcecode.swift; path = TranslationManager.swift; sourceTree = "<group>"; };
		370B1FFD291A48810092F502 /* CookAndShareRelease.entitlements */ = {isa = PBXFileReference; lastKnownFileType = text.plist.entitlements; path = CookAndShareRelease.entitlements; sourceTree = "<group>"; };
		370B1FFE291A48B70092F502 /* CookAndShare.entitlements */ = {isa = PBXFileReference; lastKnownFileType = text.plist.entitlements; path = CookAndShare.entitlements; sourceTree = "<group>"; };
		370B1FFF291A5C5B0092F502 /* Entitlements.plist */ = {isa = PBXFileReference; lastKnownFileType = text.plist.xml; path = Entitlements.plist; sourceTree = "<group>"; };
		370B2001291AB6560092F502 /* PushNotificationManager.swift */ = {isa = PBXFileReference; lastKnownFileType = sourcecode.swift; path = PushNotificationManager.swift; sourceTree = "<group>"; };
		370B2003291ABAD40092F502 /* PushNotificationSender.swift */ = {isa = PBXFileReference; lastKnownFileType = sourcecode.swift; path = PushNotificationSender.swift; sourceTree = "<group>"; };
		371AE10F29138F6D003B16BB /* InfoWindowView.swift */ = {isa = PBXFileReference; lastKnownFileType = sourcecode.swift; path = InfoWindowView.swift; sourceTree = "<group>"; };
		371AE11329139061003B16BB /* InfoWindowView.xib */ = {isa = PBXFileReference; lastKnownFileType = file.xib; path = InfoWindowView.xib; sourceTree = "<group>"; };
		37233C382927BF7B0093A2E6 /* PreviewViewController.swift */ = {isa = PBXFileReference; lastKnownFileType = sourcecode.swift; path = PreviewViewController.swift; sourceTree = "<group>"; };
		37233C402929DAFB0093A2E6 /* IngredientHeaderCell.swift */ = {isa = PBXFileReference; lastKnownFileType = sourcecode.swift; path = IngredientHeaderCell.swift; sourceTree = "<group>"; };
		37233C412929DAFB0093A2E6 /* IngredientHeaderCell.xib */ = {isa = PBXFileReference; lastKnownFileType = file.xib; path = IngredientHeaderCell.xib; sourceTree = "<group>"; };
		37233C442929DB0F0093A2E6 /* ProcedureHeaderCell.swift */ = {isa = PBXFileReference; lastKnownFileType = sourcecode.swift; path = ProcedureHeaderCell.swift; sourceTree = "<group>"; };
		37233C452929DB0F0093A2E6 /* ProcedureHeaderCell.xib */ = {isa = PBXFileReference; lastKnownFileType = file.xib; path = ProcedureHeaderCell.xib; sourceTree = "<group>"; };
		37233C5F292A56AC0093A2E6 /* travelingCamera.json */ = {isa = PBXFileReference; fileEncoding = 4; lastKnownFileType = text.json; path = travelingCamera.json; sourceTree = "<group>"; };
		37233C60292A56AC0093A2E6 /* photoscanMobile.json */ = {isa = PBXFileReference; fileEncoding = 4; lastKnownFileType = text.json; path = photoscanMobile.json; sourceTree = "<group>"; };
		37233C61292A56AC0093A2E6 /* cloudStorage.json */ = {isa = PBXFileReference; fileEncoding = 4; lastKnownFileType = text.json; path = cloudStorage.json; sourceTree = "<group>"; };
		37233C62292A56AC0093A2E6 /* shareFood.json */ = {isa = PBXFileReference; fileEncoding = 4; lastKnownFileType = text.json; path = shareFood.json; sourceTree = "<group>"; };
		37233C63292A56AC0093A2E6 /* socialNetworking.json */ = {isa = PBXFileReference; fileEncoding = 4; lastKnownFileType = text.json; path = socialNetworking.json; sourceTree = "<group>"; };
		37233C64292A56AC0093A2E6 /* taskList.json */ = {isa = PBXFileReference; fileEncoding = 4; lastKnownFileType = text.json; path = taskList.json; sourceTree = "<group>"; };
		37233C6F292A608D0093A2E6 /* ShoppingList+CoreDataClass.swift */ = {isa = PBXFileReference; lastKnownFileType = sourcecode.swift; path = "ShoppingList+CoreDataClass.swift"; sourceTree = "<group>"; };
		37233C70292A608D0093A2E6 /* ShoppingList+CoreDataProperties.swift */ = {isa = PBXFileReference; lastKnownFileType = sourcecode.swift; path = "ShoppingList+CoreDataProperties.swift"; sourceTree = "<group>"; };
		3729FE19292CD52D00F7E2F3 /* BlockListViewController.swift */ = {isa = PBXFileReference; lastKnownFileType = sourcecode.swift; path = BlockListViewController.swift; sourceTree = "<group>"; };
		3729FE1B292CD7A600F7E2F3 /* BLockListCell.swift */ = {isa = PBXFileReference; lastKnownFileType = sourcecode.swift; path = BLockListCell.swift; sourceTree = "<group>"; };
		3729FE1C292CD7A600F7E2F3 /* BLockListCell.xib */ = {isa = PBXFileReference; lastKnownFileType = file.xib; path = BLockListCell.xib; sourceTree = "<group>"; };
		372E3A8D2913DCA200250DAA /* ChatListViewController.swift */ = {isa = PBXFileReference; lastKnownFileType = sourcecode.swift; path = ChatListViewController.swift; sourceTree = "<group>"; };
		372E3A8F2913DCAE00250DAA /* ChatRoomViewController.swift */ = {isa = PBXFileReference; lastKnownFileType = sourcecode.swift; path = ChatRoomViewController.swift; sourceTree = "<group>"; };
		372E3A912913E0E200250DAA /* ChatListCell.swift */ = {isa = PBXFileReference; lastKnownFileType = sourcecode.swift; path = ChatListCell.swift; sourceTree = "<group>"; };
		372E3A932913E27100250DAA /* MineMessageCell.swift */ = {isa = PBXFileReference; lastKnownFileType = sourcecode.swift; path = MineMessageCell.swift; sourceTree = "<group>"; };
		372E3A942913E27100250DAA /* MineMessageCell.xib */ = {isa = PBXFileReference; lastKnownFileType = file.xib; path = MineMessageCell.xib; sourceTree = "<group>"; };
		372E3A972913E28100250DAA /* OthersMessageCell.swift */ = {isa = PBXFileReference; lastKnownFileType = sourcecode.swift; path = OthersMessageCell.swift; sourceTree = "<group>"; };
		372E3A982913E28100250DAA /* OthersMessageCell.xib */ = {isa = PBXFileReference; lastKnownFileType = file.xib; path = OthersMessageCell.xib; sourceTree = "<group>"; };
		372E3AA22916550D00250DAA /* MineLocationCell.swift */ = {isa = PBXFileReference; lastKnownFileType = sourcecode.swift; path = MineLocationCell.swift; sourceTree = "<group>"; };
		372E3AA32916550D00250DAA /* MineLocationCell.xib */ = {isa = PBXFileReference; lastKnownFileType = file.xib; path = MineLocationCell.xib; sourceTree = "<group>"; };
		372E3AA62916551C00250DAA /* OtherLocationCell.swift */ = {isa = PBXFileReference; lastKnownFileType = sourcecode.swift; path = OtherLocationCell.swift; sourceTree = "<group>"; };
		372E3AA72916551C00250DAA /* OtherLocationCell.xib */ = {isa = PBXFileReference; lastKnownFileType = file.xib; path = OtherLocationCell.xib; sourceTree = "<group>"; };
		372E3AAA291655D400250DAA /* MineImageCell.swift */ = {isa = PBXFileReference; lastKnownFileType = sourcecode.swift; path = MineImageCell.swift; sourceTree = "<group>"; };
		372E3AAB291655D400250DAA /* MineImageCell.xib */ = {isa = PBXFileReference; lastKnownFileType = file.xib; path = MineImageCell.xib; sourceTree = "<group>"; };
		372E3AAE291655E200250DAA /* OtherImageCell.swift */ = {isa = PBXFileReference; lastKnownFileType = sourcecode.swift; path = OtherImageCell.swift; sourceTree = "<group>"; };
		372E3AAF291655E200250DAA /* OtherImageCell.xib */ = {isa = PBXFileReference; lastKnownFileType = file.xib; path = OtherImageCell.xib; sourceTree = "<group>"; };
		372E3AB2291655F600250DAA /* MineVoiceCell.swift */ = {isa = PBXFileReference; lastKnownFileType = sourcecode.swift; path = MineVoiceCell.swift; sourceTree = "<group>"; };
		372E3AB3291655F600250DAA /* MineVoiceCell.xib */ = {isa = PBXFileReference; lastKnownFileType = file.xib; path = MineVoiceCell.xib; sourceTree = "<group>"; };
		372E3AB62916560600250DAA /* OtherVoiceCell.swift */ = {isa = PBXFileReference; lastKnownFileType = sourcecode.swift; path = OtherVoiceCell.swift; sourceTree = "<group>"; };
		372E3AB72916560600250DAA /* OtherVoiceCell.xib */ = {isa = PBXFileReference; lastKnownFileType = file.xib; path = OtherVoiceCell.xib; sourceTree = "<group>"; };
		37875369290ED37300F06F4C /* SearchViewController.swift */ = {isa = PBXFileReference; lastKnownFileType = sourcecode.swift; path = SearchViewController.swift; sourceTree = "<group>"; };
		3787536B290ED80900F06F4C /* ResultViewController.swift */ = {isa = PBXFileReference; lastKnownFileType = sourcecode.swift; path = ResultViewController.swift; sourceTree = "<group>"; };
		3787536F290F824400F06F4C /* CookAndShare.xcdatamodel */ = {isa = PBXFileReference; lastKnownFileType = wrapper.xcdatamodel; path = CookAndShare.xcdatamodel; sourceTree = "<group>"; };
		37875375290F96E600F06F4C /* CoreDataManager.swift */ = {isa = PBXFileReference; lastKnownFileType = sourcecode.swift; path = CoreDataManager.swift; sourceTree = "<group>"; };
		37875377290F992200F06F4C /* ProfileViewController.swift */ = {isa = PBXFileReference; lastKnownFileType = sourcecode.swift; path = ProfileViewController.swift; sourceTree = "<group>"; };
		3787537B290F999000F06F4C /* Base */ = {isa = PBXFileReference; lastKnownFileType = file.storyboard; name = Base; path = Base.lproj/Profile.storyboard; sourceTree = "<group>"; };
		3787537D290F9A4000F06F4C /* ProfileUserCell.swift */ = {isa = PBXFileReference; lastKnownFileType = sourcecode.swift; path = ProfileUserCell.swift; sourceTree = "<group>"; };
		3787537E290F9A4000F06F4C /* ProfileUserCell.xib */ = {isa = PBXFileReference; lastKnownFileType = file.xib; path = ProfileUserCell.xib; sourceTree = "<group>"; };
		37875381290F9A4F00F06F4C /* ProfileListCell.swift */ = {isa = PBXFileReference; lastKnownFileType = sourcecode.swift; path = ProfileListCell.swift; sourceTree = "<group>"; };
		37875382290F9A4F00F06F4C /* ProfileListCell.xib */ = {isa = PBXFileReference; lastKnownFileType = file.xib; path = ProfileListCell.xib; sourceTree = "<group>"; };
		37875385290F9A6C00F06F4C /* ShoppingListCell.swift */ = {isa = PBXFileReference; lastKnownFileType = sourcecode.swift; path = ShoppingListCell.swift; sourceTree = "<group>"; };
		37875386290F9A6C00F06F4C /* ShoppingListCell.xib */ = {isa = PBXFileReference; lastKnownFileType = file.xib; path = ShoppingListCell.xib; sourceTree = "<group>"; };
		37875389290FA61C00F06F4C /* AddToShoppingListVC.swift */ = {isa = PBXFileReference; lastKnownFileType = sourcecode.swift; path = AddToShoppingListVC.swift; sourceTree = "<group>"; };
		3787538B290FC5DD00F06F4C /* ShoppingListViewController.swift */ = {isa = PBXFileReference; lastKnownFileType = sourcecode.swift; path = ShoppingListViewController.swift; sourceTree = "<group>"; };
		3787538D2910098D00F06F4C /* SavedRecipeViewController.swift */ = {isa = PBXFileReference; lastKnownFileType = sourcecode.swift; path = SavedRecipeViewController.swift; sourceTree = "<group>"; };
		378C1C2C291F895A00CF8D38 /* successGold.json */ = {isa = PBXFileReference; fileEncoding = 4; lastKnownFileType = text.json; path = successGold.json; sourceTree = "<group>"; };
		378EA507291CD033004200F9 /* UserInputTextField.swift */ = {isa = PBXFileReference; lastKnownFileType = sourcecode.swift; path = UserInputTextField.swift; sourceTree = "<group>"; };
		378EA509291CEAF8004200F9 /* UIDatePicker+Ext.swift */ = {isa = PBXFileReference; lastKnownFileType = sourcecode.swift; path = "UIDatePicker+Ext.swift"; sourceTree = "<group>"; };
		37A31313292E4DB8007E5E8C /* JWTClaims.swift */ = {isa = PBXFileReference; lastKnownFileType = sourcecode.swift; path = JWTClaims.swift; sourceTree = "<group>"; };
		37A31315292E6FF6007E5E8C /* Params.swift */ = {isa = PBXFileReference; lastKnownFileType = sourcecode.swift; path = Params.swift; sourceTree = "<group>"; };
		37BA50AB292FB6E500E88C57 /* JWTid.swift */ = {isa = PBXFileReference; lastKnownFileType = sourcecode.swift; path = JWTid.swift; sourceTree = "<group>"; };
		37C622E62919FB4600A84263 /* FoodRecognitionViewController.swift */ = {isa = PBXFileReference; lastKnownFileType = sourcecode.swift; path = FoodRecognitionViewController.swift; sourceTree = "<group>"; };
		37C622E8291A09E400A84263 /* SeeFood.mlmodel */ = {isa = PBXFileReference; lastKnownFileType = file.mlmodel; path = SeeFood.mlmodel; sourceTree = "<group>"; };
		37CBEC812910AE2B00A62EF2 /* NewShareViewController.swift */ = {isa = PBXFileReference; lastKnownFileType = sourcecode.swift; path = NewShareViewController.swift; sourceTree = "<group>"; };
		37CBEC842910B62000A62EF2 /* NewShareCell.swift */ = {isa = PBXFileReference; lastKnownFileType = sourcecode.swift; path = NewShareCell.swift; sourceTree = "<group>"; };
		37CBEC862910EF0300A62EF2 /* ShareViewController.swift */ = {isa = PBXFileReference; lastKnownFileType = sourcecode.swift; path = ShareViewController.swift; sourceTree = "<group>"; };
		37CBEC892910EF2300A62EF2 /* Base */ = {isa = PBXFileReference; lastKnownFileType = file.storyboard; name = Base; path = Base.lproj/Share.storyboard; sourceTree = "<group>"; };
		37CBEC8E2910EFF100A62EF2 /* ShareCell.swift */ = {isa = PBXFileReference; lastKnownFileType = sourcecode.swift; path = ShareCell.swift; sourceTree = "<group>"; };
		37CBEC8F2910EFF100A62EF2 /* ShareCell.xib */ = {isa = PBXFileReference; lastKnownFileType = file.xib; path = ShareCell.xib; sourceTree = "<group>"; };
		37CBEC922910F26B00A62EF2 /* DateHelper.swift */ = {isa = PBXFileReference; lastKnownFileType = sourcecode.swift; path = DateHelper.swift; sourceTree = "<group>"; };
		37CBEC942911110900A62EF2 /* PublicProfileViewController.swift */ = {isa = PBXFileReference; lastKnownFileType = sourcecode.swift; path = PublicProfileViewController.swift; sourceTree = "<group>"; };
		37CBEC9A291155F200A62EF2 /* PublicProfileHeaderCell.swift */ = {isa = PBXFileReference; lastKnownFileType = sourcecode.swift; path = PublicProfileHeaderCell.swift; sourceTree = "<group>"; };
		37CBEC9B291155F200A62EF2 /* PublicProfileHeaderCell.xib */ = {isa = PBXFileReference; lastKnownFileType = file.xib; path = PublicProfileHeaderCell.xib; sourceTree = "<group>"; };
		37CBEC9F2912025A00A62EF2 /* PublicPostHeaderView.swift */ = {isa = PBXFileReference; lastKnownFileType = sourcecode.swift; path = PublicPostHeaderView.swift; sourceTree = "<group>"; };
		37CBECA02912025A00A62EF2 /* PublicPostHeaderView.xib */ = {isa = PBXFileReference; lastKnownFileType = file.xib; path = PublicPostHeaderView.xib; sourceTree = "<group>"; };
		37CBECA529120DC000A62EF2 /* PublicPostCell.swift */ = {isa = PBXFileReference; lastKnownFileType = sourcecode.swift; path = PublicPostCell.swift; sourceTree = "<group>"; };
		37CBECA629120DC000A62EF2 /* PublicPostCell.xib */ = {isa = PBXFileReference; lastKnownFileType = file.xib; path = PublicPostCell.xib; sourceTree = "<group>"; };
		37D69C55290BCF970034D8E1 /* CookAndShare.app */ = {isa = PBXFileReference; explicitFileType = wrapper.application; includeInIndex = 0; path = CookAndShare.app; sourceTree = BUILT_PRODUCTS_DIR; };
		37D69C58290BCF970034D8E1 /* AppDelegate.swift */ = {isa = PBXFileReference; lastKnownFileType = sourcecode.swift; path = AppDelegate.swift; sourceTree = "<group>"; };
		37D69C5A290BCF970034D8E1 /* SceneDelegate.swift */ = {isa = PBXFileReference; lastKnownFileType = sourcecode.swift; path = SceneDelegate.swift; sourceTree = "<group>"; };
		37D69C5F290BCF970034D8E1 /* Base */ = {isa = PBXFileReference; lastKnownFileType = file.storyboard; name = Base; path = Base.lproj/Main.storyboard; sourceTree = "<group>"; };
		37D69C61290BCF980034D8E1 /* Assets.xcassets */ = {isa = PBXFileReference; lastKnownFileType = folder.assetcatalog; path = Assets.xcassets; sourceTree = "<group>"; };
		37D69C64290BCF980034D8E1 /* Base */ = {isa = PBXFileReference; lastKnownFileType = file.storyboard; name = Base; path = Base.lproj/LaunchScreen.storyboard; sourceTree = "<group>"; };
		37D69C66290BCF980034D8E1 /* Info.plist */ = {isa = PBXFileReference; lastKnownFileType = text.plist.xml; path = Info.plist; sourceTree = "<group>"; };
		37D69C6C290BD46D0034D8E1 /* GoogleService-Info.plist */ = {isa = PBXFileReference; fileEncoding = 4; lastKnownFileType = text.plist.xml; path = "GoogleService-Info.plist"; sourceTree = "<group>"; };
		37D69C76290BDCEA0034D8E1 /* Recipe.swift */ = {isa = PBXFileReference; lastKnownFileType = sourcecode.swift; path = Recipe.swift; sourceTree = "<group>"; };
		37D69C78290BDD020034D8E1 /* User.swift */ = {isa = PBXFileReference; lastKnownFileType = sourcecode.swift; path = User.swift; sourceTree = "<group>"; };
		37D69C7D290BDF120034D8E1 /* Share.swift */ = {isa = PBXFileReference; lastKnownFileType = sourcecode.swift; path = Share.swift; sourceTree = "<group>"; };
		37D69C7F290BDF880034D8E1 /* Conversation.swift */ = {isa = PBXFileReference; lastKnownFileType = sourcecode.swift; path = Conversation.swift; sourceTree = "<group>"; };
		37D69C81290BEBBA0034D8E1 /* RecipeViewController.swift */ = {isa = PBXFileReference; fileEncoding = 4; lastKnownFileType = sourcecode.swift; path = RecipeViewController.swift; sourceTree = "<group>"; };
		37D69C88290C0D500034D8E1 /* NewPostViewController.swift */ = {isa = PBXFileReference; lastKnownFileType = sourcecode.swift; path = NewPostViewController.swift; sourceTree = "<group>"; };
		37D69C8B290C11C40034D8E1 /* Constant.swift */ = {isa = PBXFileReference; lastKnownFileType = sourcecode.swift; path = Constant.swift; sourceTree = "<group>"; };
		37D69C97290C14670034D8E1 /* NewPostCell.swift */ = {isa = PBXFileReference; lastKnownFileType = sourcecode.swift; path = NewPostCell.swift; sourceTree = "<group>"; };
		37D69C98290C14670034D8E1 /* NewPostCell.xib */ = {isa = PBXFileReference; lastKnownFileType = file.xib; path = NewPostCell.xib; sourceTree = "<group>"; };
		37D69C9D290C14880034D8E1 /* DraftCell.swift */ = {isa = PBXFileReference; lastKnownFileType = sourcecode.swift; path = DraftCell.swift; sourceTree = "<group>"; };
		37D69C9E290C14880034D8E1 /* DraftCell.xib */ = {isa = PBXFileReference; lastKnownFileType = file.xib; path = DraftCell.xib; sourceTree = "<group>"; };
		37D69CA2290C15990034D8E1 /* UITableView+Ext.swift */ = {isa = PBXFileReference; lastKnownFileType = sourcecode.swift; path = "UITableView+Ext.swift"; sourceTree = "<group>"; };
		37D69CA4290C15B30034D8E1 /* UICollectionView+Ext.swift */ = {isa = PBXFileReference; lastKnownFileType = sourcecode.swift; path = "UICollectionView+Ext.swift"; sourceTree = "<group>"; };
		37D69CA6290C1A0B0034D8E1 /* NewPostSupplementaryView.swift */ = {isa = PBXFileReference; lastKnownFileType = sourcecode.swift; path = NewPostSupplementaryView.swift; sourceTree = "<group>"; };
		37D69CA8290C1A1E0034D8E1 /* DraftSupplementaryView.swift */ = {isa = PBXFileReference; lastKnownFileType = sourcecode.swift; path = DraftSupplementaryView.swift; sourceTree = "<group>"; };
		37D69CAA290CBE050034D8E1 /* NewRecipeDescriptionCell.swift */ = {isa = PBXFileReference; lastKnownFileType = sourcecode.swift; path = NewRecipeDescriptionCell.swift; sourceTree = "<group>"; };
		37D69CAB290CBE050034D8E1 /* NewRecipeDescriptionCell.xib */ = {isa = PBXFileReference; lastKnownFileType = file.xib; path = NewRecipeDescriptionCell.xib; sourceTree = "<group>"; };
		37D69CAE290CBE1C0034D8E1 /* NewRecipeIngredientCell.swift */ = {isa = PBXFileReference; lastKnownFileType = sourcecode.swift; path = NewRecipeIngredientCell.swift; sourceTree = "<group>"; };
		37D69CAF290CBE1C0034D8E1 /* NewRecipeIngredientCell.xib */ = {isa = PBXFileReference; lastKnownFileType = file.xib; path = NewRecipeIngredientCell.xib; sourceTree = "<group>"; };
		37D69CB2290CBE310034D8E1 /* NewRecipeProcedureCell.swift */ = {isa = PBXFileReference; lastKnownFileType = sourcecode.swift; path = NewRecipeProcedureCell.swift; sourceTree = "<group>"; };
		37D69CB3290CBE310034D8E1 /* NewRecipeProcedureCell.xib */ = {isa = PBXFileReference; lastKnownFileType = file.xib; path = NewRecipeProcedureCell.xib; sourceTree = "<group>"; };
		37D69CB6290CD9070034D8E1 /* NewRecipeViewController.swift */ = {isa = PBXFileReference; lastKnownFileType = sourcecode.swift; path = NewRecipeViewController.swift; sourceTree = "<group>"; };
		37D69CBB290CDD700034D8E1 /* Base */ = {isa = PBXFileReference; lastKnownFileType = file.storyboard; name = Base; path = Base.lproj/NewPost.storyboard; sourceTree = "<group>"; };
		37D69CBD290CE49B0034D8E1 /* NewRecipeHeaderView.swift */ = {isa = PBXFileReference; lastKnownFileType = sourcecode.swift; path = NewRecipeHeaderView.swift; sourceTree = "<group>"; };
		37D69CBF290CF3910034D8E1 /* NewRecipeFooterView.swift */ = {isa = PBXFileReference; lastKnownFileType = sourcecode.swift; path = NewRecipeFooterView.swift; sourceTree = "<group>"; };
		37D69CC1290D10AE0034D8E1 /* String+Ext.swift */ = {isa = PBXFileReference; lastKnownFileType = sourcecode.swift; path = "String+Ext.swift"; sourceTree = "<group>"; };
		37D69CC4290D48790034D8E1 /* FirestoreManager.swift */ = {isa = PBXFileReference; lastKnownFileType = sourcecode.swift; path = FirestoreManager.swift; sourceTree = "<group>"; };
		37D7C19529127F13005B8781 /* MapViewController.swift */ = {isa = PBXFileReference; lastKnownFileType = sourcecode.swift; path = MapViewController.swift; sourceTree = "<group>"; };
		37D7C19829128E6D005B8781 /* Base */ = {isa = PBXFileReference; lastKnownFileType = file.storyboard; name = Base; path = Base.lproj/Map.storyboard; sourceTree = "<group>"; };
		37D7C1A029134F2E005B8781 /* Map.swift */ = {isa = PBXFileReference; lastKnownFileType = sourcecode.swift; path = Map.swift; sourceTree = "<group>"; };
		37D7C1A229135215005B8781 /* GoogleMapDataProvider.swift */ = {isa = PBXFileReference; lastKnownFileType = sourcecode.swift; path = GoogleMapDataProvider.swift; sourceTree = "<group>"; };
		37D7C1A62913579D005B8781 /* APIKey.swift */ = {isa = PBXFileReference; lastKnownFileType = sourcecode.swift; path = APIKey.swift; sourceTree = "<group>"; };
		37E63616290E48FB00D516D4 /* Base */ = {isa = PBXFileReference; lastKnownFileType = file.storyboard; name = Base; path = Base.lproj/Recipe.storyboard; sourceTree = "<group>"; };
		37E63619290E496300D516D4 /* HotRecipeCell.swift */ = {isa = PBXFileReference; lastKnownFileType = sourcecode.swift; path = HotRecipeCell.swift; sourceTree = "<group>"; };
		37E6361A290E496300D516D4 /* HotRecipeCell.xib */ = {isa = PBXFileReference; lastKnownFileType = file.xib; path = HotRecipeCell.xib; sourceTree = "<group>"; };
		37E6361D290E497F00D516D4 /* AllRecipeCell.swift */ = {isa = PBXFileReference; lastKnownFileType = sourcecode.swift; path = AllRecipeCell.swift; sourceTree = "<group>"; };
		37E6361E290E497F00D516D4 /* AllRecipeCell.xib */ = {isa = PBXFileReference; lastKnownFileType = file.xib; path = AllRecipeCell.xib; sourceTree = "<group>"; };
		37E63621290E4DD500D516D4 /* RecipeTypeCell.swift */ = {isa = PBXFileReference; lastKnownFileType = sourcecode.swift; path = RecipeTypeCell.swift; sourceTree = "<group>"; };
		37E63623290E57BA00D516D4 /* RecipeHeaderView.swift */ = {isa = PBXFileReference; lastKnownFileType = sourcecode.swift; path = RecipeHeaderView.swift; sourceTree = "<group>"; };
		37E63625290E598000D516D4 /* UIImageView+Ext.swift */ = {isa = PBXFileReference; lastKnownFileType = sourcecode.swift; path = "UIImageView+Ext.swift"; sourceTree = "<group>"; };
		37E63627290E5EAB00D516D4 /* DetailRecipeViewController.swift */ = {isa = PBXFileReference; lastKnownFileType = sourcecode.swift; path = DetailRecipeViewController.swift; sourceTree = "<group>"; };
		37E6362B290E60D500D516D4 /* DetailBannerCell.swift */ = {isa = PBXFileReference; lastKnownFileType = sourcecode.swift; path = DetailBannerCell.swift; sourceTree = "<group>"; };
		37E6362C290E60D500D516D4 /* DetailBannerCell.xib */ = {isa = PBXFileReference; lastKnownFileType = file.xib; path = DetailBannerCell.xib; sourceTree = "<group>"; };
		37E6362F290E60E800D516D4 /* DetailIngredientCell.swift */ = {isa = PBXFileReference; lastKnownFileType = sourcecode.swift; path = DetailIngredientCell.swift; sourceTree = "<group>"; };
		37E63630290E60E800D516D4 /* DetailIngredientCell.xib */ = {isa = PBXFileReference; lastKnownFileType = file.xib; path = DetailIngredientCell.xib; sourceTree = "<group>"; };
		37E63633290E60F700D516D4 /* DetailProcedureCell.swift */ = {isa = PBXFileReference; lastKnownFileType = sourcecode.swift; path = DetailProcedureCell.swift; sourceTree = "<group>"; };
		37E63634290E60F700D516D4 /* DetailProcedureCell.xib */ = {isa = PBXFileReference; lastKnownFileType = file.xib; path = DetailProcedureCell.xib; sourceTree = "<group>"; };
		37FE7986291B935D005A3E3E /* UIColor+Ext.swift */ = {isa = PBXFileReference; lastKnownFileType = sourcecode.swift; path = "UIColor+Ext.swift"; sourceTree = "<group>"; };
		517F2D7545434C37ABC19360 /* Pods-CookAndShare.release.xcconfig */ = {isa = PBXFileReference; includeInIndex = 1; lastKnownFileType = text.xcconfig; name = "Pods-CookAndShare.release.xcconfig"; path = "Target Support Files/Pods-CookAndShare/Pods-CookAndShare.release.xcconfig"; sourceTree = "<group>"; };
		92C4A81AF54EA5965DB8EE93 /* Pods-CookAndShare.debug.xcconfig */ = {isa = PBXFileReference; includeInIndex = 1; lastKnownFileType = text.xcconfig; name = "Pods-CookAndShare.debug.xcconfig"; path = "Target Support Files/Pods-CookAndShare/Pods-CookAndShare.debug.xcconfig"; sourceTree = "<group>"; };
/* End PBXFileReference section */

/* Begin PBXFrameworksBuildPhase section */
		37D69C52290BCF970034D8E1 /* Frameworks */ = {
			isa = PBXFrameworksBuildPhase;
			buildActionMask = 2147483647;
			files = (
				3FCAABA4B3E38E622861E889 /* Pods_CookAndShare.framework in Frameworks */,
			);
			runOnlyForDeploymentPostprocessing = 0;
		};
/* End PBXFrameworksBuildPhase section */

/* Begin PBXGroup section */
		371AE10E29138F47003B16BB /* Map */ = {
			isa = PBXGroup;
			children = (
				37D7C19729128E6D005B8781 /* Map.storyboard */,
				371AE10F29138F6D003B16BB /* InfoWindowView.swift */,
				371AE11329139061003B16BB /* InfoWindowView.xib */,
			);
			path = Map;
			sourceTree = "<group>";
		};
		372E3A9B29162B7500250DAA /* Chat */ = {
			isa = PBXGroup;
			children = (
				372E3A912913E0E200250DAA /* ChatListCell.swift */,
				372E3AA12916544F00250DAA /* voice */,
				372E3AA02916544900250DAA /* location */,
				372E3A9E2916543000250DAA /* image */,
				372E3A9D2916542700250DAA /* text */,
			);
			path = Chat;
			sourceTree = "<group>";
		};
		372E3A9C29162B9C00250DAA /* CoreData */ = {
			isa = PBXGroup;
			children = (
				37233C6F292A608D0093A2E6 /* ShoppingList+CoreDataClass.swift */,
				37233C70292A608D0093A2E6 /* ShoppingList+CoreDataProperties.swift */,
				37875375290F96E600F06F4C /* CoreDataManager.swift */,
				3787536E290F824400F06F4C /* CookAndShare.xcdatamodeld */,
			);
			path = CoreData;
			sourceTree = "<group>";
		};
		372E3A9D2916542700250DAA /* text */ = {
			isa = PBXGroup;
			children = (
				372E3A932913E27100250DAA /* MineMessageCell.swift */,
				372E3A942913E27100250DAA /* MineMessageCell.xib */,
				372E3A972913E28100250DAA /* OthersMessageCell.swift */,
				372E3A982913E28100250DAA /* OthersMessageCell.xib */,
			);
			path = text;
			sourceTree = "<group>";
		};
		372E3A9E2916543000250DAA /* image */ = {
			isa = PBXGroup;
			children = (
				372E3AAA291655D400250DAA /* MineImageCell.swift */,
				372E3AAB291655D400250DAA /* MineImageCell.xib */,
				372E3AAE291655E200250DAA /* OtherImageCell.swift */,
				372E3AAF291655E200250DAA /* OtherImageCell.xib */,
			);
			path = image;
			sourceTree = "<group>";
		};
		372E3AA02916544900250DAA /* location */ = {
			isa = PBXGroup;
			children = (
				372E3AA22916550D00250DAA /* MineLocationCell.swift */,
				372E3AA32916550D00250DAA /* MineLocationCell.xib */,
				372E3AA62916551C00250DAA /* OtherLocationCell.swift */,
				372E3AA72916551C00250DAA /* OtherLocationCell.xib */,
			);
			path = location;
			sourceTree = "<group>";
		};
		372E3AA12916544F00250DAA /* voice */ = {
			isa = PBXGroup;
			children = (
				372E3AB2291655F600250DAA /* MineVoiceCell.swift */,
				372E3AB3291655F600250DAA /* MineVoiceCell.xib */,
				372E3AB62916560600250DAA /* OtherVoiceCell.swift */,
				372E3AB72916560600250DAA /* OtherVoiceCell.xib */,
			);
			path = voice;
			sourceTree = "<group>";
		};
		37875379290F993100F06F4C /* Profile */ = {
			isa = PBXGroup;
			children = (
				3787537D290F9A4000F06F4C /* ProfileUserCell.swift */,
				3787537E290F9A4000F06F4C /* ProfileUserCell.xib */,
				37875381290F9A4F00F06F4C /* ProfileListCell.swift */,
				37875382290F9A4F00F06F4C /* ProfileListCell.xib */,
				37875385290F9A6C00F06F4C /* ShoppingListCell.swift */,
				37875386290F9A6C00F06F4C /* ShoppingListCell.xib */,
				3729FE1B292CD7A600F7E2F3 /* BLockListCell.swift */,
				3729FE1C292CD7A600F7E2F3 /* BLockListCell.xib */,
				37CBEC9E2912022C00A62EF2 /* Public */,
			);
			path = Profile;
			sourceTree = "<group>";
		};
		378C1C27291F833300CF8D38 /* Source */ = {
			isa = PBXGroup;
			children = (
				378C1C2B291F837900CF8D38 /* Lottie */,
				37D69C61290BCF980034D8E1 /* Assets.xcassets */,
			);
			path = Source;
			sourceTree = "<group>";
		};
		378C1C2B291F837900CF8D38 /* Lottie */ = {
			isa = PBXGroup;
			children = (
				37233C61292A56AC0093A2E6 /* cloudStorage.json */,
				37233C60292A56AC0093A2E6 /* photoscanMobile.json */,
				37233C62292A56AC0093A2E6 /* shareFood.json */,
				37233C63292A56AC0093A2E6 /* socialNetworking.json */,
				37233C64292A56AC0093A2E6 /* taskList.json */,
				37233C5F292A56AC0093A2E6 /* travelingCamera.json */,
				378C1C2C291F895A00CF8D38 /* successGold.json */,
			);
			path = Lottie;
			sourceTree = "<group>";
		};
		37CBEC832910B60900A62EF2 /* NewShare */ = {
			isa = PBXGroup;
			children = (
				37CBEC842910B62000A62EF2 /* NewShareCell.swift */,
			);
			path = NewShare;
			sourceTree = "<group>";
		};
		37CBEC8B2910EFBA00A62EF2 /* Share */ = {
			isa = PBXGroup;
			children = (
				37CBEC8E2910EFF100A62EF2 /* ShareCell.swift */,
				37CBEC8F2910EFF100A62EF2 /* ShareCell.xib */,
			);
			path = Share;
			sourceTree = "<group>";
		};
		37CBEC9E2912022C00A62EF2 /* Public */ = {
			isa = PBXGroup;
			children = (
				37CBEC9A291155F200A62EF2 /* PublicProfileHeaderCell.swift */,
				37CBEC9B291155F200A62EF2 /* PublicProfileHeaderCell.xib */,
				37CBEC9F2912025A00A62EF2 /* PublicPostHeaderView.swift */,
				37CBECA02912025A00A62EF2 /* PublicPostHeaderView.xib */,
				37CBECA529120DC000A62EF2 /* PublicPostCell.swift */,
				37CBECA629120DC000A62EF2 /* PublicPostCell.xib */,
			);
			path = Public;
			sourceTree = "<group>";
		};
		37D69C4C290BCF970034D8E1 = {
			isa = PBXGroup;
			children = (
				37D69C57290BCF970034D8E1 /* CookAndShare */,
				37D69C56290BCF970034D8E1 /* Products */,
				5A573818B45E4AF89687A7D9 /* Pods */,
				95F592EFB962341C8D0C0E04 /* Frameworks */,
			);
			sourceTree = "<group>";
		};
		37D69C56290BCF970034D8E1 /* Products */ = {
			isa = PBXGroup;
			children = (
				37D69C55290BCF970034D8E1 /* CookAndShare.app */,
			);
			name = Products;
			sourceTree = "<group>";
		};
		37D69C57290BCF970034D8E1 /* CookAndShare */ = {
			isa = PBXGroup;
			children = (
				370B1FFE291A48B70092F502 /* CookAndShare.entitlements */,
				370B1FFD291A48810092F502 /* CookAndShareRelease.entitlements */,
				37D69CC3290D48640034D8E1 /* Server */,
				37D69CA1290C15850034D8E1 /* Extension */,
				37D69C8A290C11B10034D8E1 /* Helpers */,
				37D69C7C290BDEA40034D8E1 /* Controller */,
				37D69C7A290BDE1C0034D8E1 /* View */,
				37D69C75290BDCDF0034D8E1 /* Model */,
				37D69C7B290BDE250034D8E1 /* ViewModel */,
				378C1C27291F833300CF8D38 /* Source */,
				37D69C58290BCF970034D8E1 /* AppDelegate.swift */,
				37D69C5A290BCF970034D8E1 /* SceneDelegate.swift */,
				37C622E8291A09E400A84263 /* SeeFood.mlmodel */,
				37D69C66290BCF980034D8E1 /* Info.plist */,
				370B1FFF291A5C5B0092F502 /* Entitlements.plist */,
				37D69C6C290BD46D0034D8E1 /* GoogleService-Info.plist */,
				37D7C1A62913579D005B8781 /* APIKey.swift */,
				37BA50AB292FB6E500E88C57 /* JWTid.swift */,
			);
			path = CookAndShare;
			sourceTree = "<group>";
		};
		37D69C75290BDCDF0034D8E1 /* Model */ = {
			isa = PBXGroup;
			children = (
				372E3A9C29162B9C00250DAA /* CoreData */,
				37D69C76290BDCEA0034D8E1 /* Recipe.swift */,
				37D69C78290BDD020034D8E1 /* User.swift */,
				37D69C7D290BDF120034D8E1 /* Share.swift */,
				37D69C7F290BDF880034D8E1 /* Conversation.swift */,
				37D7C1A029134F2E005B8781 /* Map.swift */,
				37D7C1A229135215005B8781 /* GoogleMapDataProvider.swift */,
			);
			path = Model;
			sourceTree = "<group>";
		};
		37D69C7A290BDE1C0034D8E1 /* View */ = {
			isa = PBXGroup;
			children = (
				37D69C8D290C128A0034D8E1 /* Cells */,
				371AE10E29138F47003B16BB /* Map */,
				37CBEC882910EF2300A62EF2 /* Share.storyboard */,
				3787537A290F999000F06F4C /* Profile.storyboard */,
				37E63615290E48FB00D516D4 /* Recipe.storyboard */,
				37D69CBA290CDD700034D8E1 /* NewPost.storyboard */,
				37D69C5E290BCF970034D8E1 /* Main.storyboard */,
				37D69C63290BCF980034D8E1 /* LaunchScreen.storyboard */,
				378EA507291CD033004200F9 /* UserInputTextField.swift */,
			);
			path = View;
			sourceTree = "<group>";
		};
		37D69C7B290BDE250034D8E1 /* ViewModel */ = {
			isa = PBXGroup;
			children = (
			);
			path = ViewModel;
			sourceTree = "<group>";
		};
		37D69C7C290BDEA40034D8E1 /* Controller */ = {
			isa = PBXGroup;
			children = (
				37D69C83290C0D030034D8E1 /* Recipe */,
				37D69C84290C0D0C0034D8E1 /* Share */,
				37D69C85290C0D190034D8E1 /* NewPost */,
				37D69C86290C0D1F0034D8E1 /* Map */,
				37D69C87290C0D240034D8E1 /* Profile */,
				3707F48929227AD900618458 /* LoginViewController.swift */,
				3707F48D29227BF400618458 /* TabBarController.swift */,
			);
			path = Controller;
			sourceTree = "<group>";
		};
		37D69C83290C0D030034D8E1 /* Recipe */ = {
			isa = PBXGroup;
			children = (
				37D69C81290BEBBA0034D8E1 /* RecipeViewController.swift */,
				37E63627290E5EAB00D516D4 /* DetailRecipeViewController.swift */,
				37875369290ED37300F06F4C /* SearchViewController.swift */,
				3787536B290ED80900F06F4C /* ResultViewController.swift */,
				37875389290FA61C00F06F4C /* AddToShoppingListVC.swift */,
				37C622E62919FB4600A84263 /* FoodRecognitionViewController.swift */,
			);
			path = Recipe;
			sourceTree = "<group>";
		};
		37D69C84290C0D0C0034D8E1 /* Share */ = {
			isa = PBXGroup;
			children = (
				37CBEC862910EF0300A62EF2 /* ShareViewController.swift */,
				372E3A8D2913DCA200250DAA /* ChatListViewController.swift */,
				372E3A8F2913DCAE00250DAA /* ChatRoomViewController.swift */,
				37233C382927BF7B0093A2E6 /* PreviewViewController.swift */,
			);
			path = Share;
			sourceTree = "<group>";
		};
		37D69C85290C0D190034D8E1 /* NewPost */ = {
			isa = PBXGroup;
			children = (
				37D69C88290C0D500034D8E1 /* NewPostViewController.swift */,
				37D69CB6290CD9070034D8E1 /* NewRecipeViewController.swift */,
				37CBEC812910AE2B00A62EF2 /* NewShareViewController.swift */,
			);
			path = NewPost;
			sourceTree = "<group>";
		};
		37D69C86290C0D1F0034D8E1 /* Map */ = {
			isa = PBXGroup;
			children = (
				37D7C19529127F13005B8781 /* MapViewController.swift */,
			);
			path = Map;
			sourceTree = "<group>";
		};
		37D69C87290C0D240034D8E1 /* Profile */ = {
			isa = PBXGroup;
			children = (
				37CBEC942911110900A62EF2 /* PublicProfileViewController.swift */,
				3787538B290FC5DD00F06F4C /* ShoppingListViewController.swift */,
				37875377290F992200F06F4C /* ProfileViewController.swift */,
				3787538D2910098D00F06F4C /* SavedRecipeViewController.swift */,
				3729FE19292CD52D00F7E2F3 /* BlockListViewController.swift */,
			);
			path = Profile;
			sourceTree = "<group>";
		};
		37D69C8A290C11B10034D8E1 /* Helpers */ = {
			isa = PBXGroup;
			children = (
				37D69C8B290C11C40034D8E1 /* Constant.swift */,
				37CBEC922910F26B00A62EF2 /* DateHelper.swift */,
			);
			path = Helpers;
			sourceTree = "<group>";
		};
		37D69C8D290C128A0034D8E1 /* Cells */ = {
			isa = PBXGroup;
			children = (
				372E3A9B29162B7500250DAA /* Chat */,
				37CBEC8B2910EFBA00A62EF2 /* Share */,
				37875379290F993100F06F4C /* Profile */,
				37E63618290E492600D516D4 /* Recipe */,
				37D69C8E290C12900034D8E1 /* NewPost */,
			);
			path = Cells;
			sourceTree = "<group>";
		};
		37D69C8E290C12900034D8E1 /* NewPost */ = {
			isa = PBXGroup;
			children = (
				37CBEC832910B60900A62EF2 /* NewShare */,
				37D69CB8290CDB190034D8E1 /* NewRecipe */,
				37D69CB9290CDB2E0034D8E1 /* NewPost */,
			);
			path = NewPost;
			sourceTree = "<group>";
		};
		37D69CA1290C15850034D8E1 /* Extension */ = {
			isa = PBXGroup;
			children = (
				37D69CA2290C15990034D8E1 /* UITableView+Ext.swift */,
				37D69CA4290C15B30034D8E1 /* UICollectionView+Ext.swift */,
				37D69CC1290D10AE0034D8E1 /* String+Ext.swift */,
				37E63625290E598000D516D4 /* UIImageView+Ext.swift */,
				37FE7986291B935D005A3E3E /* UIColor+Ext.swift */,
				378EA509291CEAF8004200F9 /* UIDatePicker+Ext.swift */,
			);
			path = Extension;
			sourceTree = "<group>";
		};
		37D69CB8290CDB190034D8E1 /* NewRecipe */ = {
			isa = PBXGroup;
			children = (
				37D69CAA290CBE050034D8E1 /* NewRecipeDescriptionCell.swift */,
				37D69CAB290CBE050034D8E1 /* NewRecipeDescriptionCell.xib */,
				37D69CAE290CBE1C0034D8E1 /* NewRecipeIngredientCell.swift */,
				37D69CAF290CBE1C0034D8E1 /* NewRecipeIngredientCell.xib */,
				37D69CB2290CBE310034D8E1 /* NewRecipeProcedureCell.swift */,
				37D69CB3290CBE310034D8E1 /* NewRecipeProcedureCell.xib */,
				37D69CBD290CE49B0034D8E1 /* NewRecipeHeaderView.swift */,
				37D69CBF290CF3910034D8E1 /* NewRecipeFooterView.swift */,
			);
			path = NewRecipe;
			sourceTree = "<group>";
		};
		37D69CB9290CDB2E0034D8E1 /* NewPost */ = {
			isa = PBXGroup;
			children = (
				37D69C97290C14670034D8E1 /* NewPostCell.swift */,
				37D69C98290C14670034D8E1 /* NewPostCell.xib */,
				37D69C9D290C14880034D8E1 /* DraftCell.swift */,
				37D69C9E290C14880034D8E1 /* DraftCell.xib */,
				37D69CA6290C1A0B0034D8E1 /* NewPostSupplementaryView.swift */,
				37D69CA8290C1A1E0034D8E1 /* DraftSupplementaryView.swift */,
			);
			path = NewPost;
			sourceTree = "<group>";
		};
		37D69CC3290D48640034D8E1 /* Server */ = {
			isa = PBXGroup;
			children = (
				37D69CC4290D48790034D8E1 /* FirestoreManager.swift */,
				370B1FF9291A27E50092F502 /* TranslationAPI.swift */,
				370B1FFB291A291E0092F502 /* TranslationManager.swift */,
				370B2001291AB6560092F502 /* PushNotificationManager.swift */,
				370B2003291ABAD40092F502 /* PushNotificationSender.swift */,
				37A31313292E4DB8007E5E8C /* JWTClaims.swift */,
				37A31315292E6FF6007E5E8C /* Params.swift */,
			);
			path = Server;
			sourceTree = "<group>";
		};
		37E63618290E492600D516D4 /* Recipe */ = {
			isa = PBXGroup;
			children = (
				37E63629290E606C00D516D4 /* DetailRecipe */,
				37E6362A290E608800D516D4 /* Lobby */,
			);
			path = Recipe;
			sourceTree = "<group>";
		};
		37E63629290E606C00D516D4 /* DetailRecipe */ = {
			isa = PBXGroup;
			children = (
				37E6362B290E60D500D516D4 /* DetailBannerCell.swift */,
				37E6362C290E60D500D516D4 /* DetailBannerCell.xib */,
				37E6362F290E60E800D516D4 /* DetailIngredientCell.swift */,
				37E63630290E60E800D516D4 /* DetailIngredientCell.xib */,
				37E63633290E60F700D516D4 /* DetailProcedureCell.swift */,
				37E63634290E60F700D516D4 /* DetailProcedureCell.xib */,
				37233C402929DAFB0093A2E6 /* IngredientHeaderCell.swift */,
				37233C412929DAFB0093A2E6 /* IngredientHeaderCell.xib */,
				37233C442929DB0F0093A2E6 /* ProcedureHeaderCell.swift */,
				37233C452929DB0F0093A2E6 /* ProcedureHeaderCell.xib */,
			);
			path = DetailRecipe;
			sourceTree = "<group>";
		};
		37E6362A290E608800D516D4 /* Lobby */ = {
			isa = PBXGroup;
			children = (
				37E63619290E496300D516D4 /* HotRecipeCell.swift */,
				37E6361A290E496300D516D4 /* HotRecipeCell.xib */,
				37E6361D290E497F00D516D4 /* AllRecipeCell.swift */,
				37E6361E290E497F00D516D4 /* AllRecipeCell.xib */,
				37E63621290E4DD500D516D4 /* RecipeTypeCell.swift */,
				37E63623290E57BA00D516D4 /* RecipeHeaderView.swift */,
			);
			path = Lobby;
			sourceTree = "<group>";
		};
		5A573818B45E4AF89687A7D9 /* Pods */ = {
			isa = PBXGroup;
			children = (
				92C4A81AF54EA5965DB8EE93 /* Pods-CookAndShare.debug.xcconfig */,
				517F2D7545434C37ABC19360 /* Pods-CookAndShare.release.xcconfig */,
			);
			path = Pods;
			sourceTree = "<group>";
		};
		95F592EFB962341C8D0C0E04 /* Frameworks */ = {
			isa = PBXGroup;
			children = (
				2765B72C755ABFE4A4F5C911 /* Pods_CookAndShare.framework */,
			);
			name = Frameworks;
			sourceTree = "<group>";
		};
/* End PBXGroup section */

/* Begin PBXNativeTarget section */
		37D69C54290BCF970034D8E1 /* CookAndShare */ = {
			isa = PBXNativeTarget;
			buildConfigurationList = 37D69C69290BCF980034D8E1 /* Build configuration list for PBXNativeTarget "CookAndShare" */;
			buildPhases = (
				D2BA243675E4ADC44BCDB917 /* [CP] Check Pods Manifest.lock */,
				37D69C51290BCF970034D8E1 /* Sources */,
				37D69C52290BCF970034D8E1 /* Frameworks */,
				37D69C53290BCF970034D8E1 /* Resources */,
				7D63C74869D0967C70A3BE98 /* [CP] Embed Pods Frameworks */,
				3787536D290F5D4E00F06F4C /* ShellScript */,
				3EA2BCA876A5DDCE9B09E1BC /* [CP] Copy Pods Resources */,
			);
			buildRules = (
			);
			dependencies = (
			);
			name = CookAndShare;
			productName = CookAndShare;
			productReference = 37D69C55290BCF970034D8E1 /* CookAndShare.app */;
			productType = "com.apple.product-type.application";
		};
/* End PBXNativeTarget section */

/* Begin PBXProject section */
		37D69C4D290BCF970034D8E1 /* Project object */ = {
			isa = PBXProject;
			attributes = {
				BuildIndependentTargetsInParallel = 1;
				LastSwiftUpdateCheck = 1340;
				LastUpgradeCheck = 1340;
				TargetAttributes = {
					37D69C54290BCF970034D8E1 = {
						CreatedOnToolsVersion = 13.4;
					};
				};
			};
			buildConfigurationList = 37D69C50290BCF970034D8E1 /* Build configuration list for PBXProject "CookAndShare" */;
			compatibilityVersion = "Xcode 13.0";
			developmentRegion = en;
			hasScannedForEncodings = 0;
			knownRegions = (
				en,
				Base,
			);
			mainGroup = 37D69C4C290BCF970034D8E1;
			productRefGroup = 37D69C56290BCF970034D8E1 /* Products */;
			projectDirPath = "";
			projectRoot = "";
			targets = (
				37D69C54290BCF970034D8E1 /* CookAndShare */,
			);
		};
/* End PBXProject section */

/* Begin PBXResourcesBuildPhase section */
		37D69C53290BCF970034D8E1 /* Resources */ = {
			isa = PBXResourcesBuildPhase;
			buildActionMask = 2147483647;
			files = (
				37D69C65290BCF980034D8E1 /* LaunchScreen.storyboard in Resources */,
				37233C65292A56AD0093A2E6 /* travelingCamera.json in Resources */,
				372E3AB92916560600250DAA /* OtherVoiceCell.xib in Resources */,
				37D69CAD290CBE050034D8E1 /* NewRecipeDescriptionCell.xib in Resources */,
				37875380290F9A4000F06F4C /* ProfileUserCell.xib in Resources */,
				37CBEC912910EFF100A62EF2 /* ShareCell.xib in Resources */,
				37233C6A292A56AD0093A2E6 /* taskList.json in Resources */,
				37D69C9A290C14670034D8E1 /* NewPostCell.xib in Resources */,
				37D69C6D290BD46D0034D8E1 /* GoogleService-Info.plist in Resources */,
				37CBEC8A2910EF2300A62EF2 /* Share.storyboard in Resources */,
				37233C67292A56AD0093A2E6 /* cloudStorage.json in Resources */,
				37E63636290E60F700D516D4 /* DetailProcedureCell.xib in Resources */,
				372E3A9A2913E28100250DAA /* OthersMessageCell.xib in Resources */,
				37D69C62290BCF980034D8E1 /* Assets.xcassets in Resources */,
				37CBECA829120DC000A62EF2 /* PublicPostCell.xib in Resources */,
				370B2000291A5C5B0092F502 /* Entitlements.plist in Resources */,
				372E3AB1291655E200250DAA /* OtherImageCell.xib in Resources */,
				371AE11429139061003B16BB /* InfoWindowView.xib in Resources */,
				37233C68292A56AD0093A2E6 /* shareFood.json in Resources */,
				37E63620290E497F00D516D4 /* AllRecipeCell.xib in Resources */,
				37CBECA22912025A00A62EF2 /* PublicPostHeaderView.xib in Resources */,
				37233C69292A56AD0093A2E6 /* socialNetworking.json in Resources */,
				378C1C2D291F895A00CF8D38 /* successGold.json in Resources */,
				372E3AAD291655D400250DAA /* MineImageCell.xib in Resources */,
				37E63632290E60E800D516D4 /* DetailIngredientCell.xib in Resources */,
				37233C472929DB0F0093A2E6 /* ProcedureHeaderCell.xib in Resources */,
				372E3AA52916550D00250DAA /* MineLocationCell.xib in Resources */,
				37E6362E290E60D500D516D4 /* DetailBannerCell.xib in Resources */,
				37D69CBC290CDD700034D8E1 /* NewPost.storyboard in Resources */,
				37875384290F9A4F00F06F4C /* ProfileListCell.xib in Resources */,
				372E3AB5291655F600250DAA /* MineVoiceCell.xib in Resources */,
				37D69C60290BCF970034D8E1 /* Main.storyboard in Resources */,
				372E3A962913E27100250DAA /* MineMessageCell.xib in Resources */,
				37875388290F9A6C00F06F4C /* ShoppingListCell.xib in Resources */,
				37E63617290E48FB00D516D4 /* Recipe.storyboard in Resources */,
				37233C66292A56AD0093A2E6 /* photoscanMobile.json in Resources */,
				37D69CA0290C14880034D8E1 /* DraftCell.xib in Resources */,
				37D7C19929128E6D005B8781 /* Map.storyboard in Resources */,
				372E3AA92916551C00250DAA /* OtherLocationCell.xib in Resources */,
				3787537C290F999000F06F4C /* Profile.storyboard in Resources */,
				37E6361C290E496300D516D4 /* HotRecipeCell.xib in Resources */,
				37D69CB1290CBE1C0034D8E1 /* NewRecipeIngredientCell.xib in Resources */,
				37CBEC9D291155F200A62EF2 /* PublicProfileHeaderCell.xib in Resources */,
				3729FE1E292CD7A600F7E2F3 /* BLockListCell.xib in Resources */,
				37D69CB5290CBE310034D8E1 /* NewRecipeProcedureCell.xib in Resources */,
				37233C432929DAFB0093A2E6 /* IngredientHeaderCell.xib in Resources */,
			);
			runOnlyForDeploymentPostprocessing = 0;
		};
/* End PBXResourcesBuildPhase section */

/* Begin PBXShellScriptBuildPhase section */
		3787536D290F5D4E00F06F4C /* ShellScript */ = {
			isa = PBXShellScriptBuildPhase;
			buildActionMask = 2147483647;
			files = (
			);
			inputFileListPaths = (
			);
			inputPaths = (
			);
			outputFileListPaths = (
			);
			outputPaths = (
			);
			runOnlyForDeploymentPostprocessing = 0;
			shellPath = /bin/sh;
			shellScript = "\"${PODS_ROOT}/SwiftLint/swiftlint\"\n";
		};
		3EA2BCA876A5DDCE9B09E1BC /* [CP] Copy Pods Resources */ = {
			isa = PBXShellScriptBuildPhase;
			buildActionMask = 2147483647;
			files = (
			);
			inputFileListPaths = (
				"${PODS_ROOT}/Target Support Files/Pods-CookAndShare/Pods-CookAndShare-resources-${CONFIGURATION}-input-files.xcfilelist",
			);
			name = "[CP] Copy Pods Resources";
			outputFileListPaths = (
				"${PODS_ROOT}/Target Support Files/Pods-CookAndShare/Pods-CookAndShare-resources-${CONFIGURATION}-output-files.xcfilelist",
			);
			runOnlyForDeploymentPostprocessing = 0;
			shellPath = /bin/sh;
			shellScript = "\"${PODS_ROOT}/Target Support Files/Pods-CookAndShare/Pods-CookAndShare-resources.sh\"\n";
			showEnvVarsInLog = 0;
		};
		7D63C74869D0967C70A3BE98 /* [CP] Embed Pods Frameworks */ = {
			isa = PBXShellScriptBuildPhase;
			buildActionMask = 2147483647;
			files = (
			);
			inputFileListPaths = (
				"${PODS_ROOT}/Target Support Files/Pods-CookAndShare/Pods-CookAndShare-frameworks-${CONFIGURATION}-input-files.xcfilelist",
			);
			name = "[CP] Embed Pods Frameworks";
			outputFileListPaths = (
				"${PODS_ROOT}/Target Support Files/Pods-CookAndShare/Pods-CookAndShare-frameworks-${CONFIGURATION}-output-files.xcfilelist",
			);
			runOnlyForDeploymentPostprocessing = 0;
			shellPath = /bin/sh;
			shellScript = "\"${PODS_ROOT}/Target Support Files/Pods-CookAndShare/Pods-CookAndShare-frameworks.sh\"\n";
			showEnvVarsInLog = 0;
		};
		D2BA243675E4ADC44BCDB917 /* [CP] Check Pods Manifest.lock */ = {
			isa = PBXShellScriptBuildPhase;
			buildActionMask = 2147483647;
			files = (
			);
			inputFileListPaths = (
			);
			inputPaths = (
				"${PODS_PODFILE_DIR_PATH}/Podfile.lock",
				"${PODS_ROOT}/Manifest.lock",
			);
			name = "[CP] Check Pods Manifest.lock";
			outputFileListPaths = (
			);
			outputPaths = (
				"$(DERIVED_FILE_DIR)/Pods-CookAndShare-checkManifestLockResult.txt",
			);
			runOnlyForDeploymentPostprocessing = 0;
			shellPath = /bin/sh;
			shellScript = "diff \"${PODS_PODFILE_DIR_PATH}/Podfile.lock\" \"${PODS_ROOT}/Manifest.lock\" > /dev/null\nif [ $? != 0 ] ; then\n    # print error to STDERR\n    echo \"error: The sandbox is not in sync with the Podfile.lock. Run 'pod install' or update your CocoaPods installation.\" >&2\n    exit 1\nfi\n# This output is used by Xcode 'outputs' to avoid re-running this script phase.\necho \"SUCCESS\" > \"${SCRIPT_OUTPUT_FILE_0}\"\n";
			showEnvVarsInLog = 0;
		};
/* End PBXShellScriptBuildPhase section */

/* Begin PBXSourcesBuildPhase section */
		37D69C51290BCF970034D8E1 /* Sources */ = {
			isa = PBXSourcesBuildPhase;
			buildActionMask = 2147483647;
			files = (
				3707F48A29227AD900618458 /* LoginViewController.swift in Sources */,
				37D69CC5290D48790034D8E1 /* FirestoreManager.swift in Sources */,
				37E63622290E4DD500D516D4 /* RecipeTypeCell.swift in Sources */,
				3787537F290F9A4000F06F4C /* ProfileUserCell.swift in Sources */,
				372E3AB4291655F600250DAA /* MineVoiceCell.swift in Sources */,
				372E3A922913E0E200250DAA /* ChatListCell.swift in Sources */,
				37875387290F9A6C00F06F4C /* ShoppingListCell.swift in Sources */,
				37C622E9291A09E500A84263 /* SeeFood.mlmodel in Sources */,
				372E3AA42916550D00250DAA /* MineLocationCell.swift in Sources */,
				37D69C99290C14670034D8E1 /* NewPostCell.swift in Sources */,
				37A31314292E4DB8007E5E8C /* JWTClaims.swift in Sources */,
				372E3A8E2913DCA200250DAA /* ChatListViewController.swift in Sources */,
				37D69CB0290CBE1C0034D8E1 /* NewRecipeIngredientCell.swift in Sources */,
				37233C71292A608D0093A2E6 /* ShoppingList+CoreDataClass.swift in Sources */,
				37CBEC872910EF0300A62EF2 /* ShareViewController.swift in Sources */,
				37D69C7E290BDF120034D8E1 /* Share.swift in Sources */,
				37CBEC932910F26B00A62EF2 /* DateHelper.swift in Sources */,
				37875383290F9A4F00F06F4C /* ProfileListCell.swift in Sources */,
				37D69C59290BCF970034D8E1 /* AppDelegate.swift in Sources */,
				37D69C8C290C11C40034D8E1 /* Constant.swift in Sources */,
				3729FE1D292CD7A600F7E2F3 /* BLockListCell.swift in Sources */,
				37CBEC952911110900A62EF2 /* PublicProfileViewController.swift in Sources */,
				37D69C5B290BCF970034D8E1 /* SceneDelegate.swift in Sources */,
				37E6362D290E60D500D516D4 /* DetailBannerCell.swift in Sources */,
				37D7C1A329135215005B8781 /* GoogleMapDataProvider.swift in Sources */,
				3787538A290FA61C00F06F4C /* AddToShoppingListVC.swift in Sources */,
				37BA50AC292FB6E500E88C57 /* JWTid.swift in Sources */,
				37D69CBE290CE49B0034D8E1 /* NewRecipeHeaderView.swift in Sources */,
				3707F48E29227BF400618458 /* TabBarController.swift in Sources */,
				37D69C80290BDF880034D8E1 /* Conversation.swift in Sources */,
				37E6361B290E496300D516D4 /* HotRecipeCell.swift in Sources */,
				37D69C82290BEBBA0034D8E1 /* RecipeViewController.swift in Sources */,
				371AE11029138F6D003B16BB /* InfoWindowView.swift in Sources */,
				372E3AAC291655D400250DAA /* MineImageCell.swift in Sources */,
				37233C72292A608D0093A2E6 /* ShoppingList+CoreDataProperties.swift in Sources */,
				37CBECA12912025A00A62EF2 /* PublicPostHeaderView.swift in Sources */,
				37A31316292E6FF6007E5E8C /* Params.swift in Sources */,
				37D69CB7290CD9070034D8E1 /* NewRecipeViewController.swift in Sources */,
				37C622E72919FB4600A84263 /* FoodRecognitionViewController.swift in Sources */,
				372E3AA82916551C00250DAA /* OtherLocationCell.swift in Sources */,
				37D69CC2290D10AE0034D8E1 /* String+Ext.swift in Sources */,
				372E3A992913E28100250DAA /* OthersMessageCell.swift in Sources */,
				37D69CB4290CBE310034D8E1 /* NewRecipeProcedureCell.swift in Sources */,
				37CBECA729120DC000A62EF2 /* PublicPostCell.swift in Sources */,
				378EA508291CD033004200F9 /* UserInputTextField.swift in Sources */,
				37E63635290E60F700D516D4 /* DetailProcedureCell.swift in Sources */,
				37233C462929DB0F0093A2E6 /* ProcedureHeaderCell.swift in Sources */,
				37E63624290E57BA00D516D4 /* RecipeHeaderView.swift in Sources */,
				37D7C1A129134F2E005B8781 /* Map.swift in Sources */,
				372E3AB82916560600250DAA /* OtherVoiceCell.swift in Sources */,
				37D69C89290C0D500034D8E1 /* NewPostViewController.swift in Sources */,
				37D69C9F290C14880034D8E1 /* DraftCell.swift in Sources */,
				3787536A290ED37300F06F4C /* SearchViewController.swift in Sources */,
				37CBEC852910B62000A62EF2 /* NewShareCell.swift in Sources */,
				37FE7987291B935D005A3E3E /* UIColor+Ext.swift in Sources */,
				37875378290F992200F06F4C /* ProfileViewController.swift in Sources */,
				370B1FFA291A27E50092F502 /* TranslationAPI.swift in Sources */,
				37CBEC902910EFF100A62EF2 /* ShareCell.swift in Sources */,
				37CBEC822910AE2B00A62EF2 /* NewShareViewController.swift in Sources */,
				37D69CA3290C15990034D8E1 /* UITableView+Ext.swift in Sources */,
				37D69CA9290C1A1E0034D8E1 /* DraftSupplementaryView.swift in Sources */,
				37E63628290E5EAB00D516D4 /* DetailRecipeViewController.swift in Sources */,
				370B1FFC291A291E0092F502 /* TranslationManager.swift in Sources */,
				37233C392927BF7B0093A2E6 /* PreviewViewController.swift in Sources */,
				372E3AB0291655E200250DAA /* OtherImageCell.swift in Sources */,
				37E63626290E598000D516D4 /* UIImageView+Ext.swift in Sources */,
				37D69C79290BDD020034D8E1 /* User.swift in Sources */,
				3787538E2910098D00F06F4C /* SavedRecipeViewController.swift in Sources */,
				370B2004291ABAD40092F502 /* PushNotificationSender.swift in Sources */,
				3787538C290FC5DD00F06F4C /* ShoppingListViewController.swift in Sources */,
				37D69CC0290CF3910034D8E1 /* NewRecipeFooterView.swift in Sources */,
				3729FE1A292CD52D00F7E2F3 /* BlockListViewController.swift in Sources */,
				37CBEC9C291155F200A62EF2 /* PublicProfileHeaderCell.swift in Sources */,
				37E6361F290E497F00D516D4 /* AllRecipeCell.swift in Sources */,
				372E3A902913DCAE00250DAA /* ChatRoomViewController.swift in Sources */,
				37D69CA5290C15B30034D8E1 /* UICollectionView+Ext.swift in Sources */,
				3787536C290ED80900F06F4C /* ResultViewController.swift in Sources */,
				37875376290F96E600F06F4C /* CoreDataManager.swift in Sources */,
				37D69C77290BDCEA0034D8E1 /* Recipe.swift in Sources */,
				378EA50A291CEAF8004200F9 /* UIDatePicker+Ext.swift in Sources */,
				37D7C1A72913579D005B8781 /* APIKey.swift in Sources */,
				37E63631290E60E800D516D4 /* DetailIngredientCell.swift in Sources */,
				370B2002291AB6560092F502 /* PushNotificationManager.swift in Sources */,
				37D69CA7290C1A0B0034D8E1 /* NewPostSupplementaryView.swift in Sources */,
				37D69CAC290CBE050034D8E1 /* NewRecipeDescriptionCell.swift in Sources */,
				37875370290F824400F06F4C /* CookAndShare.xcdatamodeld in Sources */,
				372E3A952913E27100250DAA /* MineMessageCell.swift in Sources */,
				37D7C19629127F13005B8781 /* MapViewController.swift in Sources */,
				37233C422929DAFB0093A2E6 /* IngredientHeaderCell.swift in Sources */,
			);
			runOnlyForDeploymentPostprocessing = 0;
		};
/* End PBXSourcesBuildPhase section */

/* Begin PBXVariantGroup section */
		3787537A290F999000F06F4C /* Profile.storyboard */ = {
			isa = PBXVariantGroup;
			children = (
				3787537B290F999000F06F4C /* Base */,
			);
			name = Profile.storyboard;
			sourceTree = "<group>";
		};
		37CBEC882910EF2300A62EF2 /* Share.storyboard */ = {
			isa = PBXVariantGroup;
			children = (
				37CBEC892910EF2300A62EF2 /* Base */,
			);
			name = Share.storyboard;
			sourceTree = "<group>";
		};
		37D69C5E290BCF970034D8E1 /* Main.storyboard */ = {
			isa = PBXVariantGroup;
			children = (
				37D69C5F290BCF970034D8E1 /* Base */,
			);
			name = Main.storyboard;
			sourceTree = "<group>";
		};
		37D69C63290BCF980034D8E1 /* LaunchScreen.storyboard */ = {
			isa = PBXVariantGroup;
			children = (
				37D69C64290BCF980034D8E1 /* Base */,
			);
			name = LaunchScreen.storyboard;
			sourceTree = "<group>";
		};
		37D69CBA290CDD700034D8E1 /* NewPost.storyboard */ = {
			isa = PBXVariantGroup;
			children = (
				37D69CBB290CDD700034D8E1 /* Base */,
			);
			name = NewPost.storyboard;
			sourceTree = "<group>";
		};
		37D7C19729128E6D005B8781 /* Map.storyboard */ = {
			isa = PBXVariantGroup;
			children = (
				37D7C19829128E6D005B8781 /* Base */,
			);
			name = Map.storyboard;
			sourceTree = "<group>";
		};
		37E63615290E48FB00D516D4 /* Recipe.storyboard */ = {
			isa = PBXVariantGroup;
			children = (
				37E63616290E48FB00D516D4 /* Base */,
			);
			name = Recipe.storyboard;
			sourceTree = "<group>";
		};
/* End PBXVariantGroup section */

/* Begin XCBuildConfiguration section */
		37D69C67290BCF980034D8E1 /* Debug */ = {
			isa = XCBuildConfiguration;
			buildSettings = {
				ALWAYS_SEARCH_USER_PATHS = NO;
				CLANG_ANALYZER_NONNULL = YES;
				CLANG_ANALYZER_NUMBER_OBJECT_CONVERSION = YES_AGGRESSIVE;
				CLANG_CXX_LANGUAGE_STANDARD = "gnu++17";
				CLANG_ENABLE_MODULES = YES;
				CLANG_ENABLE_OBJC_ARC = YES;
				CLANG_ENABLE_OBJC_WEAK = YES;
				CLANG_WARN_BLOCK_CAPTURE_AUTORELEASING = YES;
				CLANG_WARN_BOOL_CONVERSION = YES;
				CLANG_WARN_COMMA = YES;
				CLANG_WARN_CONSTANT_CONVERSION = YES;
				CLANG_WARN_DEPRECATED_OBJC_IMPLEMENTATIONS = YES;
				CLANG_WARN_DIRECT_OBJC_ISA_USAGE = YES_ERROR;
				CLANG_WARN_DOCUMENTATION_COMMENTS = YES;
				CLANG_WARN_EMPTY_BODY = YES;
				CLANG_WARN_ENUM_CONVERSION = YES;
				CLANG_WARN_INFINITE_RECURSION = YES;
				CLANG_WARN_INT_CONVERSION = YES;
				CLANG_WARN_NON_LITERAL_NULL_CONVERSION = YES;
				CLANG_WARN_OBJC_IMPLICIT_RETAIN_SELF = YES;
				CLANG_WARN_OBJC_LITERAL_CONVERSION = YES;
				CLANG_WARN_OBJC_ROOT_CLASS = YES_ERROR;
				CLANG_WARN_QUOTED_INCLUDE_IN_FRAMEWORK_HEADER = YES;
				CLANG_WARN_RANGE_LOOP_ANALYSIS = YES;
				CLANG_WARN_STRICT_PROTOTYPES = YES;
				CLANG_WARN_SUSPICIOUS_MOVE = YES;
				CLANG_WARN_UNGUARDED_AVAILABILITY = YES_AGGRESSIVE;
				CLANG_WARN_UNREACHABLE_CODE = YES;
				CLANG_WARN__DUPLICATE_METHOD_MATCH = YES;
				CODE_SIGN_IDENTITY = "Apple Development: stoola20@icloud.com (HLU727F92T)";
				COPY_PHASE_STRIP = NO;
				DEBUG_INFORMATION_FORMAT = dwarf;
				ENABLE_STRICT_OBJC_MSGSEND = YES;
				ENABLE_TESTABILITY = YES;
				GCC_C_LANGUAGE_STANDARD = gnu11;
				GCC_DYNAMIC_NO_PIC = NO;
				GCC_NO_COMMON_BLOCKS = YES;
				GCC_OPTIMIZATION_LEVEL = 0;
				GCC_PREPROCESSOR_DEFINITIONS = (
					"DEBUG=1",
					"$(inherited)",
				);
				GCC_WARN_64_TO_32_BIT_CONVERSION = YES;
				GCC_WARN_ABOUT_RETURN_TYPE = YES_ERROR;
				GCC_WARN_UNDECLARED_SELECTOR = YES;
				GCC_WARN_UNINITIALIZED_AUTOS = YES_AGGRESSIVE;
				GCC_WARN_UNUSED_FUNCTION = YES;
				GCC_WARN_UNUSED_VARIABLE = YES;
				IPHONEOS_DEPLOYMENT_TARGET = 14.0;
				MTL_ENABLE_DEBUG_INFO = INCLUDE_SOURCE;
				MTL_FAST_MATH = YES;
				ONLY_ACTIVE_ARCH = YES;
				SDKROOT = iphoneos;
				SWIFT_ACTIVE_COMPILATION_CONDITIONS = DEBUG;
				SWIFT_OPTIMIZATION_LEVEL = "-Onone";
			};
			name = Debug;
		};
		37D69C68290BCF980034D8E1 /* Release */ = {
			isa = XCBuildConfiguration;
			buildSettings = {
				ALWAYS_SEARCH_USER_PATHS = NO;
				CLANG_ANALYZER_NONNULL = YES;
				CLANG_ANALYZER_NUMBER_OBJECT_CONVERSION = YES_AGGRESSIVE;
				CLANG_CXX_LANGUAGE_STANDARD = "gnu++17";
				CLANG_ENABLE_MODULES = YES;
				CLANG_ENABLE_OBJC_ARC = YES;
				CLANG_ENABLE_OBJC_WEAK = YES;
				CLANG_WARN_BLOCK_CAPTURE_AUTORELEASING = YES;
				CLANG_WARN_BOOL_CONVERSION = YES;
				CLANG_WARN_COMMA = YES;
				CLANG_WARN_CONSTANT_CONVERSION = YES;
				CLANG_WARN_DEPRECATED_OBJC_IMPLEMENTATIONS = YES;
				CLANG_WARN_DIRECT_OBJC_ISA_USAGE = YES_ERROR;
				CLANG_WARN_DOCUMENTATION_COMMENTS = YES;
				CLANG_WARN_EMPTY_BODY = YES;
				CLANG_WARN_ENUM_CONVERSION = YES;
				CLANG_WARN_INFINITE_RECURSION = YES;
				CLANG_WARN_INT_CONVERSION = YES;
				CLANG_WARN_NON_LITERAL_NULL_CONVERSION = YES;
				CLANG_WARN_OBJC_IMPLICIT_RETAIN_SELF = YES;
				CLANG_WARN_OBJC_LITERAL_CONVERSION = YES;
				CLANG_WARN_OBJC_ROOT_CLASS = YES_ERROR;
				CLANG_WARN_QUOTED_INCLUDE_IN_FRAMEWORK_HEADER = YES;
				CLANG_WARN_RANGE_LOOP_ANALYSIS = YES;
				CLANG_WARN_STRICT_PROTOTYPES = YES;
				CLANG_WARN_SUSPICIOUS_MOVE = YES;
				CLANG_WARN_UNGUARDED_AVAILABILITY = YES_AGGRESSIVE;
				CLANG_WARN_UNREACHABLE_CODE = YES;
				CLANG_WARN__DUPLICATE_METHOD_MATCH = YES;
				COPY_PHASE_STRIP = NO;
				DEBUG_INFORMATION_FORMAT = "dwarf-with-dsym";
				ENABLE_NS_ASSERTIONS = NO;
				ENABLE_STRICT_OBJC_MSGSEND = YES;
				GCC_C_LANGUAGE_STANDARD = gnu11;
				GCC_NO_COMMON_BLOCKS = YES;
				GCC_WARN_64_TO_32_BIT_CONVERSION = YES;
				GCC_WARN_ABOUT_RETURN_TYPE = YES_ERROR;
				GCC_WARN_UNDECLARED_SELECTOR = YES;
				GCC_WARN_UNINITIALIZED_AUTOS = YES_AGGRESSIVE;
				GCC_WARN_UNUSED_FUNCTION = YES;
				GCC_WARN_UNUSED_VARIABLE = YES;
				IPHONEOS_DEPLOYMENT_TARGET = 14.0;
				MTL_ENABLE_DEBUG_INFO = NO;
				MTL_FAST_MATH = YES;
				SDKROOT = iphoneos;
				SWIFT_COMPILATION_MODE = wholemodule;
				SWIFT_OPTIMIZATION_LEVEL = "-O";
				VALIDATE_PRODUCT = YES;
			};
			name = Release;
		};
		37D69C6A290BCF980034D8E1 /* Debug */ = {
			isa = XCBuildConfiguration;
			baseConfigurationReference = 92C4A81AF54EA5965DB8EE93 /* Pods-CookAndShare.debug.xcconfig */;
			buildSettings = {
				ASSETCATALOG_COMPILER_APPICON_NAME = AppIcon;
				ASSETCATALOG_COMPILER_GLOBAL_ACCENT_COLOR_NAME = AccentColor;
				CODE_SIGN_ENTITLEMENTS = CookAndShare/CookAndShare.entitlements;
				CODE_SIGN_IDENTITY = "iPhone Developer";
				CODE_SIGN_STYLE = Manual;
				CURRENT_PROJECT_VERSION = 1;
				DEVELOPMENT_TEAM = PDRVZ7DT2S;
				GENERATE_INFOPLIST_FILE = YES;
				INFOPLIST_FILE = CookAndShare/Info.plist;
				INFOPLIST_KEY_NSCameraUsageDescription = "開啟相機即可辨識食材";
				INFOPLIST_KEY_NSLocationWhenInUseUsageDescription = "藉由提供您的地點，好享煮飯可以找到您附近的超市、市場及食物銀行";
				INFOPLIST_KEY_NSMicrophoneUsageDescription = "開啟錄音權限就能傳送語音訊息";
				INFOPLIST_KEY_UIApplicationSupportsIndirectInputEvents = YES;
				INFOPLIST_KEY_UILaunchStoryboardName = LaunchScreen;
				INFOPLIST_KEY_UIMainStoryboardFile = Main;
				INFOPLIST_KEY_UISupportedInterfaceOrientations = UIInterfaceOrientationPortrait;
				INFOPLIST_KEY_UISupportedInterfaceOrientations_iPad = "UIInterfaceOrientationPortrait UIInterfaceOrientationPortraitUpsideDown UIInterfaceOrientationLandscapeLeft UIInterfaceOrientationLandscapeRight";
				INFOPLIST_KEY_UISupportedInterfaceOrientations_iPhone = "UIInterfaceOrientationPortrait UIInterfaceOrientationLandscapeLeft UIInterfaceOrientationLandscapeRight";
				LD_RUNPATH_SEARCH_PATHS = (
					"$(inherited)",
					"@executable_path/Frameworks",
				);
				MARKETING_VERSION = 0.3.0;
				PRODUCT_BUNDLE_IDENTIFIER = com.jessica.CookAndShare;
				PRODUCT_NAME = "$(TARGET_NAME)";
				PROVISIONING_PROFILE_SPECIFIER = "Sign In";
				SWIFT_EMIT_LOC_STRINGS = YES;
				SWIFT_VERSION = 5.0;
				TARGETED_DEVICE_FAMILY = "1,2";
			};
			name = Debug;
		};
		37D69C6B290BCF980034D8E1 /* Release */ = {
			isa = XCBuildConfiguration;
			baseConfigurationReference = 517F2D7545434C37ABC19360 /* Pods-CookAndShare.release.xcconfig */;
			buildSettings = {
				ASSETCATALOG_COMPILER_APPICON_NAME = AppIcon;
				ASSETCATALOG_COMPILER_GLOBAL_ACCENT_COLOR_NAME = AccentColor;
				CODE_SIGN_ENTITLEMENTS = CookAndShare/CookAndShareRelease.entitlements;
				CODE_SIGN_IDENTITY = "iPhone Developer";
				CODE_SIGN_STYLE = Manual;
				CURRENT_PROJECT_VERSION = 1;
				DEVELOPMENT_TEAM = PDRVZ7DT2S;
				GENERATE_INFOPLIST_FILE = YES;
				INFOPLIST_FILE = CookAndShare/Info.plist;
				INFOPLIST_KEY_NSCameraUsageDescription = "開啟相機即可辨識食材";
				INFOPLIST_KEY_NSLocationWhenInUseUsageDescription = "藉由提供您的地點，好享煮飯可以找到您附近的超市、市場及食物銀行";
				INFOPLIST_KEY_NSMicrophoneUsageDescription = "開啟錄音權限就能傳送語音訊息";
				INFOPLIST_KEY_UIApplicationSupportsIndirectInputEvents = YES;
				INFOPLIST_KEY_UILaunchStoryboardName = LaunchScreen;
				INFOPLIST_KEY_UIMainStoryboardFile = Main;
				INFOPLIST_KEY_UISupportedInterfaceOrientations = UIInterfaceOrientationPortrait;
				INFOPLIST_KEY_UISupportedInterfaceOrientations_iPad = "UIInterfaceOrientationPortrait UIInterfaceOrientationPortraitUpsideDown UIInterfaceOrientationLandscapeLeft UIInterfaceOrientationLandscapeRight";
				INFOPLIST_KEY_UISupportedInterfaceOrientations_iPhone = "UIInterfaceOrientationPortrait UIInterfaceOrientationLandscapeLeft UIInterfaceOrientationLandscapeRight";
				LD_RUNPATH_SEARCH_PATHS = (
					"$(inherited)",
					"@executable_path/Frameworks",
				);
				MARKETING_VERSION = 0.3.0;
				PRODUCT_BUNDLE_IDENTIFIER = com.jessica.CookAndShare;
				PRODUCT_NAME = "$(TARGET_NAME)";
				PROVISIONING_PROFILE_SPECIFIER = "Sign In";
				SWIFT_EMIT_LOC_STRINGS = YES;
				SWIFT_VERSION = 5.0;
				TARGETED_DEVICE_FAMILY = "1,2";
			};
			name = Release;
		};
/* End XCBuildConfiguration section */

/* Begin XCConfigurationList section */
		37D69C50290BCF970034D8E1 /* Build configuration list for PBXProject "CookAndShare" */ = {
			isa = XCConfigurationList;
			buildConfigurations = (
				37D69C67290BCF980034D8E1 /* Debug */,
				37D69C68290BCF980034D8E1 /* Release */,
			);
			defaultConfigurationIsVisible = 0;
			defaultConfigurationName = Release;
		};
		37D69C69290BCF980034D8E1 /* Build configuration list for PBXNativeTarget "CookAndShare" */ = {
			isa = XCConfigurationList;
			buildConfigurations = (
				37D69C6A290BCF980034D8E1 /* Debug */,
				37D69C6B290BCF980034D8E1 /* Release */,
			);
			defaultConfigurationIsVisible = 0;
			defaultConfigurationName = Release;
		};
/* End XCConfigurationList section */

/* Begin XCVersionGroup section */
		3787536E290F824400F06F4C /* CookAndShare.xcdatamodeld */ = {
			isa = XCVersionGroup;
			children = (
				3787536F290F824400F06F4C /* CookAndShare.xcdatamodel */,
			);
			currentVersion = 3787536F290F824400F06F4C /* CookAndShare.xcdatamodel */;
			path = CookAndShare.xcdatamodeld;
			sourceTree = "<group>";
			versionGroupType = wrapper.xcdatamodel;
		};
/* End XCVersionGroup section */
	};
	rootObject = 37D69C4D290BCF970034D8E1 /* Project object */;
}
