// !$*UTF8*$!
{
	archiveVersion = 1;
	classes = {
	};
	objectVersion = 55;
	objects = {

/* Begin PBXBuildFile section */
		3787536A290ED37300F06F4C /* SearchViewController.swift in Sources */ = {isa = PBXBuildFile; fileRef = 37875369290ED37300F06F4C /* SearchViewController.swift */; };
		3787536C290ED80900F06F4C /* ResultViewController.swift in Sources */ = {isa = PBXBuildFile; fileRef = 3787536B290ED80900F06F4C /* ResultViewController.swift */; };
		37D69C59290BCF970034D8E1 /* AppDelegate.swift in Sources */ = {isa = PBXBuildFile; fileRef = 37D69C58290BCF970034D8E1 /* AppDelegate.swift */; };
		37D69C5B290BCF970034D8E1 /* SceneDelegate.swift in Sources */ = {isa = PBXBuildFile; fileRef = 37D69C5A290BCF970034D8E1 /* SceneDelegate.swift */; };
		37D69C60290BCF970034D8E1 /* Main.storyboard in Resources */ = {isa = PBXBuildFile; fileRef = 37D69C5E290BCF970034D8E1 /* Main.storyboard */; };
		37D69C62290BCF980034D8E1 /* Assets.xcassets in Resources */ = {isa = PBXBuildFile; fileRef = 37D69C61290BCF980034D8E1 /* Assets.xcassets */; };
		37D69C65290BCF980034D8E1 /* LaunchScreen.storyboard in Resources */ = {isa = PBXBuildFile; fileRef = 37D69C63290BCF980034D8E1 /* LaunchScreen.storyboard */; };
		37D69C6D290BD46D0034D8E1 /* GoogleService-Info.plist in Resources */ = {isa = PBXBuildFile; fileRef = 37D69C6C290BD46D0034D8E1 /* GoogleService-Info.plist */; };
		37D69C77290BDCEA0034D8E1 /* Recipe.swift in Sources */ = {isa = PBXBuildFile; fileRef = 37D69C76290BDCEA0034D8E1 /* Recipe.swift */; };
		37D69C79290BDD020034D8E1 /* User.swift in Sources */ = {isa = PBXBuildFile; fileRef = 37D69C78290BDD020034D8E1 /* User.swift */; };
		37D69C7E290BDF120034D8E1 /* Share.swift in Sources */ = {isa = PBXBuildFile; fileRef = 37D69C7D290BDF120034D8E1 /* Share.swift */; };
		37D69C80290BDF880034D8E1 /* Conversation.swift in Sources */ = {isa = PBXBuildFile; fileRef = 37D69C7F290BDF880034D8E1 /* Conversation.swift */; };
		37D69C82290BEBBA0034D8E1 /* RecipeViewController.swift in Sources */ = {isa = PBXBuildFile; fileRef = 37D69C81290BEBBA0034D8E1 /* RecipeViewController.swift */; };
		37D69C89290C0D500034D8E1 /* NewPostViewController.swift in Sources */ = {isa = PBXBuildFile; fileRef = 37D69C88290C0D500034D8E1 /* NewPostViewController.swift */; };
		37D69C8C290C11C40034D8E1 /* Constant.swift in Sources */ = {isa = PBXBuildFile; fileRef = 37D69C8B290C11C40034D8E1 /* Constant.swift */; };
		37D69C99290C14670034D8E1 /* NewPostCell.swift in Sources */ = {isa = PBXBuildFile; fileRef = 37D69C97290C14670034D8E1 /* NewPostCell.swift */; };
		37D69C9A290C14670034D8E1 /* NewPostCell.xib in Resources */ = {isa = PBXBuildFile; fileRef = 37D69C98290C14670034D8E1 /* NewPostCell.xib */; };
		37D69C9F290C14880034D8E1 /* DraftCell.swift in Sources */ = {isa = PBXBuildFile; fileRef = 37D69C9D290C14880034D8E1 /* DraftCell.swift */; };
		37D69CA0290C14880034D8E1 /* DraftCell.xib in Resources */ = {isa = PBXBuildFile; fileRef = 37D69C9E290C14880034D8E1 /* DraftCell.xib */; };
		37D69CA3290C15990034D8E1 /* UITableView+Ext.swift in Sources */ = {isa = PBXBuildFile; fileRef = 37D69CA2290C15990034D8E1 /* UITableView+Ext.swift */; };
		37D69CA5290C15B30034D8E1 /* UICollectionView+Ext.swift in Sources */ = {isa = PBXBuildFile; fileRef = 37D69CA4290C15B30034D8E1 /* UICollectionView+Ext.swift */; };
		37D69CA7290C1A0B0034D8E1 /* NewPostSupplementaryView.swift in Sources */ = {isa = PBXBuildFile; fileRef = 37D69CA6290C1A0B0034D8E1 /* NewPostSupplementaryView.swift */; };
		37D69CA9290C1A1E0034D8E1 /* DraftSupplementaryView.swift in Sources */ = {isa = PBXBuildFile; fileRef = 37D69CA8290C1A1E0034D8E1 /* DraftSupplementaryView.swift */; };
		37D69CAC290CBE050034D8E1 /* NewRecipeDescriptionCell.swift in Sources */ = {isa = PBXBuildFile; fileRef = 37D69CAA290CBE050034D8E1 /* NewRecipeDescriptionCell.swift */; };
		37D69CAD290CBE050034D8E1 /* NewRecipeDescriptionCell.xib in Resources */ = {isa = PBXBuildFile; fileRef = 37D69CAB290CBE050034D8E1 /* NewRecipeDescriptionCell.xib */; };
		37D69CB0290CBE1C0034D8E1 /* NewRecipeIngredientCell.swift in Sources */ = {isa = PBXBuildFile; fileRef = 37D69CAE290CBE1C0034D8E1 /* NewRecipeIngredientCell.swift */; };
		37D69CB1290CBE1C0034D8E1 /* NewRecipeIngredientCell.xib in Resources */ = {isa = PBXBuildFile; fileRef = 37D69CAF290CBE1C0034D8E1 /* NewRecipeIngredientCell.xib */; };
		37D69CB4290CBE310034D8E1 /* NewRecipeProcedureCell.swift in Sources */ = {isa = PBXBuildFile; fileRef = 37D69CB2290CBE310034D8E1 /* NewRecipeProcedureCell.swift */; };
		37D69CB5290CBE310034D8E1 /* NewRecipeProcedureCell.xib in Resources */ = {isa = PBXBuildFile; fileRef = 37D69CB3290CBE310034D8E1 /* NewRecipeProcedureCell.xib */; };
		37D69CB7290CD9070034D8E1 /* NewRecipeViewController.swift in Sources */ = {isa = PBXBuildFile; fileRef = 37D69CB6290CD9070034D8E1 /* NewRecipeViewController.swift */; };
		37D69CBC290CDD700034D8E1 /* NewPost.storyboard in Resources */ = {isa = PBXBuildFile; fileRef = 37D69CBA290CDD700034D8E1 /* NewPost.storyboard */; };
		37D69CBE290CE49B0034D8E1 /* NewRecipeHeaderView.swift in Sources */ = {isa = PBXBuildFile; fileRef = 37D69CBD290CE49B0034D8E1 /* NewRecipeHeaderView.swift */; };
		37D69CC0290CF3910034D8E1 /* NewRecipeFooterView.swift in Sources */ = {isa = PBXBuildFile; fileRef = 37D69CBF290CF3910034D8E1 /* NewRecipeFooterView.swift */; };
		37D69CC2290D10AE0034D8E1 /* String+Ext.swift in Sources */ = {isa = PBXBuildFile; fileRef = 37D69CC1290D10AE0034D8E1 /* String+Ext.swift */; };
		37D69CC5290D48790034D8E1 /* FirestoreManager.swift in Sources */ = {isa = PBXBuildFile; fileRef = 37D69CC4290D48790034D8E1 /* FirestoreManager.swift */; };
		37E63617290E48FB00D516D4 /* Recipe.storyboard in Resources */ = {isa = PBXBuildFile; fileRef = 37E63615290E48FB00D516D4 /* Recipe.storyboard */; };
		37E6361B290E496300D516D4 /* HotRecipeCell.swift in Sources */ = {isa = PBXBuildFile; fileRef = 37E63619290E496300D516D4 /* HotRecipeCell.swift */; };
		37E6361C290E496300D516D4 /* HotRecipeCell.xib in Resources */ = {isa = PBXBuildFile; fileRef = 37E6361A290E496300D516D4 /* HotRecipeCell.xib */; };
		37E6361F290E497F00D516D4 /* AllRecipeCell.swift in Sources */ = {isa = PBXBuildFile; fileRef = 37E6361D290E497F00D516D4 /* AllRecipeCell.swift */; };
		37E63620290E497F00D516D4 /* AllRecipeCell.xib in Resources */ = {isa = PBXBuildFile; fileRef = 37E6361E290E497F00D516D4 /* AllRecipeCell.xib */; };
		37E63622290E4DD500D516D4 /* RecipeTypeCell.swift in Sources */ = {isa = PBXBuildFile; fileRef = 37E63621290E4DD500D516D4 /* RecipeTypeCell.swift */; };
		37E63624290E57BA00D516D4 /* RecipeHeaderView.swift in Sources */ = {isa = PBXBuildFile; fileRef = 37E63623290E57BA00D516D4 /* RecipeHeaderView.swift */; };
		37E63626290E598000D516D4 /* UIImageView+Ext.swift in Sources */ = {isa = PBXBuildFile; fileRef = 37E63625290E598000D516D4 /* UIImageView+Ext.swift */; };
		37E63628290E5EAB00D516D4 /* DetailRecipeViewController.swift in Sources */ = {isa = PBXBuildFile; fileRef = 37E63627290E5EAB00D516D4 /* DetailRecipeViewController.swift */; };
		37E6362D290E60D500D516D4 /* DetailBannerCell.swift in Sources */ = {isa = PBXBuildFile; fileRef = 37E6362B290E60D500D516D4 /* DetailBannerCell.swift */; };
		37E6362E290E60D500D516D4 /* DetailBannerCell.xib in Resources */ = {isa = PBXBuildFile; fileRef = 37E6362C290E60D500D516D4 /* DetailBannerCell.xib */; };
		37E63631290E60E800D516D4 /* DetailIngredientCell.swift in Sources */ = {isa = PBXBuildFile; fileRef = 37E6362F290E60E800D516D4 /* DetailIngredientCell.swift */; };
		37E63632290E60E800D516D4 /* DetailIngredientCell.xib in Resources */ = {isa = PBXBuildFile; fileRef = 37E63630290E60E800D516D4 /* DetailIngredientCell.xib */; };
		37E63635290E60F700D516D4 /* DetailProcedureCell.swift in Sources */ = {isa = PBXBuildFile; fileRef = 37E63633290E60F700D516D4 /* DetailProcedureCell.swift */; };
		37E63636290E60F700D516D4 /* DetailProcedureCell.xib in Resources */ = {isa = PBXBuildFile; fileRef = 37E63634290E60F700D516D4 /* DetailProcedureCell.xib */; };
		37E63638290E6EB900D516D4 /* DetailRecipeHeaderView.swift in Sources */ = {isa = PBXBuildFile; fileRef = 37E63637290E6EB900D516D4 /* DetailRecipeHeaderView.swift */; };
		3FCAABA4B3E38E622861E889 /* Pods_CookAndShare.framework in Frameworks */ = {isa = PBXBuildFile; fileRef = 2765B72C755ABFE4A4F5C911 /* Pods_CookAndShare.framework */; };
/* End PBXBuildFile section */

/* Begin PBXFileReference section */
		2765B72C755ABFE4A4F5C911 /* Pods_CookAndShare.framework */ = {isa = PBXFileReference; explicitFileType = wrapper.framework; includeInIndex = 0; path = Pods_CookAndShare.framework; sourceTree = BUILT_PRODUCTS_DIR; };
		37875369290ED37300F06F4C /* SearchViewController.swift */ = {isa = PBXFileReference; lastKnownFileType = sourcecode.swift; path = SearchViewController.swift; sourceTree = "<group>"; };
		3787536B290ED80900F06F4C /* ResultViewController.swift */ = {isa = PBXFileReference; lastKnownFileType = sourcecode.swift; path = ResultViewController.swift; sourceTree = "<group>"; };
		37D69C55290BCF970034D8E1 /* CookAndShare.app */ = {isa = PBXFileReference; explicitFileType = wrapper.application; includeInIndex = 0; path = CookAndShare.app; sourceTree = BUILT_PRODUCTS_DIR; };
		37D69C58290BCF970034D8E1 /* AppDelegate.swift */ = {isa = PBXFileReference; lastKnownFileType = sourcecode.swift; path = AppDelegate.swift; sourceTree = "<group>"; };
		37D69C5A290BCF970034D8E1 /* SceneDelegate.swift */ = {isa = PBXFileReference; lastKnownFileType = sourcecode.swift; path = SceneDelegate.swift; sourceTree = "<group>"; };
		37D69C5F290BCF970034D8E1 /* Base */ = {isa = PBXFileReference; lastKnownFileType = file.storyboard; name = Base; path = Base.lproj/Main.storyboard; sourceTree = "<group>"; };
		37D69C61290BCF980034D8E1 /* Assets.xcassets */ = {isa = PBXFileReference; lastKnownFileType = folder.assetcatalog; path = Assets.xcassets; sourceTree = "<group>"; };
		37D69C64290BCF980034D8E1 /* Base */ = {isa = PBXFileReference; lastKnownFileType = file.storyboard; name = Base; path = Base.lproj/LaunchScreen.storyboard; sourceTree = "<group>"; };
		37D69C66290BCF980034D8E1 /* Info.plist */ = {isa = PBXFileReference; lastKnownFileType = text.plist.xml; path = Info.plist; sourceTree = "<group>"; };
		37D69C6C290BD46D0034D8E1 /* GoogleService-Info.plist */ = {isa = PBXFileReference; fileEncoding = 4; lastKnownFileType = text.plist.xml; path = "GoogleService-Info.plist"; sourceTree = "<group>"; };
		37D69C76290BDCEA0034D8E1 /* Recipe.swift */ = {isa = PBXFileReference; lastKnownFileType = sourcecode.swift; path = Recipe.swift; sourceTree = "<group>"; };
		37D69C78290BDD020034D8E1 /* User.swift */ = {isa = PBXFileReference; lastKnownFileType = sourcecode.swift; path = User.swift; sourceTree = "<group>"; };
		37D69C7D290BDF120034D8E1 /* Share.swift */ = {isa = PBXFileReference; lastKnownFileType = sourcecode.swift; path = Share.swift; sourceTree = "<group>"; };
		37D69C7F290BDF880034D8E1 /* Conversation.swift */ = {isa = PBXFileReference; lastKnownFileType = sourcecode.swift; path = Conversation.swift; sourceTree = "<group>"; };
		37D69C81290BEBBA0034D8E1 /* RecipeViewController.swift */ = {isa = PBXFileReference; fileEncoding = 4; lastKnownFileType = sourcecode.swift; path = RecipeViewController.swift; sourceTree = "<group>"; };
		37D69C88290C0D500034D8E1 /* NewPostViewController.swift */ = {isa = PBXFileReference; lastKnownFileType = sourcecode.swift; path = NewPostViewController.swift; sourceTree = "<group>"; };
		37D69C8B290C11C40034D8E1 /* Constant.swift */ = {isa = PBXFileReference; lastKnownFileType = sourcecode.swift; path = Constant.swift; sourceTree = "<group>"; };
		37D69C97290C14670034D8E1 /* NewPostCell.swift */ = {isa = PBXFileReference; lastKnownFileType = sourcecode.swift; path = NewPostCell.swift; sourceTree = "<group>"; };
		37D69C98290C14670034D8E1 /* NewPostCell.xib */ = {isa = PBXFileReference; lastKnownFileType = file.xib; path = NewPostCell.xib; sourceTree = "<group>"; };
		37D69C9D290C14880034D8E1 /* DraftCell.swift */ = {isa = PBXFileReference; lastKnownFileType = sourcecode.swift; path = DraftCell.swift; sourceTree = "<group>"; };
		37D69C9E290C14880034D8E1 /* DraftCell.xib */ = {isa = PBXFileReference; lastKnownFileType = file.xib; path = DraftCell.xib; sourceTree = "<group>"; };
		37D69CA2290C15990034D8E1 /* UITableView+Ext.swift */ = {isa = PBXFileReference; lastKnownFileType = sourcecode.swift; path = "UITableView+Ext.swift"; sourceTree = "<group>"; };
		37D69CA4290C15B30034D8E1 /* UICollectionView+Ext.swift */ = {isa = PBXFileReference; lastKnownFileType = sourcecode.swift; path = "UICollectionView+Ext.swift"; sourceTree = "<group>"; };
		37D69CA6290C1A0B0034D8E1 /* NewPostSupplementaryView.swift */ = {isa = PBXFileReference; lastKnownFileType = sourcecode.swift; path = NewPostSupplementaryView.swift; sourceTree = "<group>"; };
		37D69CA8290C1A1E0034D8E1 /* DraftSupplementaryView.swift */ = {isa = PBXFileReference; lastKnownFileType = sourcecode.swift; path = DraftSupplementaryView.swift; sourceTree = "<group>"; };
		37D69CAA290CBE050034D8E1 /* NewRecipeDescriptionCell.swift */ = {isa = PBXFileReference; lastKnownFileType = sourcecode.swift; path = NewRecipeDescriptionCell.swift; sourceTree = "<group>"; };
		37D69CAB290CBE050034D8E1 /* NewRecipeDescriptionCell.xib */ = {isa = PBXFileReference; lastKnownFileType = file.xib; path = NewRecipeDescriptionCell.xib; sourceTree = "<group>"; };
		37D69CAE290CBE1C0034D8E1 /* NewRecipeIngredientCell.swift */ = {isa = PBXFileReference; lastKnownFileType = sourcecode.swift; path = NewRecipeIngredientCell.swift; sourceTree = "<group>"; };
		37D69CAF290CBE1C0034D8E1 /* NewRecipeIngredientCell.xib */ = {isa = PBXFileReference; lastKnownFileType = file.xib; path = NewRecipeIngredientCell.xib; sourceTree = "<group>"; };
		37D69CB2290CBE310034D8E1 /* NewRecipeProcedureCell.swift */ = {isa = PBXFileReference; lastKnownFileType = sourcecode.swift; path = NewRecipeProcedureCell.swift; sourceTree = "<group>"; };
		37D69CB3290CBE310034D8E1 /* NewRecipeProcedureCell.xib */ = {isa = PBXFileReference; lastKnownFileType = file.xib; path = NewRecipeProcedureCell.xib; sourceTree = "<group>"; };
		37D69CB6290CD9070034D8E1 /* NewRecipeViewController.swift */ = {isa = PBXFileReference; lastKnownFileType = sourcecode.swift; path = NewRecipeViewController.swift; sourceTree = "<group>"; };
		37D69CBB290CDD700034D8E1 /* Base */ = {isa = PBXFileReference; lastKnownFileType = file.storyboard; name = Base; path = Base.lproj/NewPost.storyboard; sourceTree = "<group>"; };
		37D69CBD290CE49B0034D8E1 /* NewRecipeHeaderView.swift */ = {isa = PBXFileReference; lastKnownFileType = sourcecode.swift; path = NewRecipeHeaderView.swift; sourceTree = "<group>"; };
		37D69CBF290CF3910034D8E1 /* NewRecipeFooterView.swift */ = {isa = PBXFileReference; lastKnownFileType = sourcecode.swift; path = NewRecipeFooterView.swift; sourceTree = "<group>"; };
		37D69CC1290D10AE0034D8E1 /* String+Ext.swift */ = {isa = PBXFileReference; lastKnownFileType = sourcecode.swift; path = "String+Ext.swift"; sourceTree = "<group>"; };
		37D69CC4290D48790034D8E1 /* FirestoreManager.swift */ = {isa = PBXFileReference; lastKnownFileType = sourcecode.swift; path = FirestoreManager.swift; sourceTree = "<group>"; };
		37E63616290E48FB00D516D4 /* Base */ = {isa = PBXFileReference; lastKnownFileType = file.storyboard; name = Base; path = Base.lproj/Recipe.storyboard; sourceTree = "<group>"; };
		37E63619290E496300D516D4 /* HotRecipeCell.swift */ = {isa = PBXFileReference; lastKnownFileType = sourcecode.swift; path = HotRecipeCell.swift; sourceTree = "<group>"; };
		37E6361A290E496300D516D4 /* HotRecipeCell.xib */ = {isa = PBXFileReference; lastKnownFileType = file.xib; path = HotRecipeCell.xib; sourceTree = "<group>"; };
		37E6361D290E497F00D516D4 /* AllRecipeCell.swift */ = {isa = PBXFileReference; lastKnownFileType = sourcecode.swift; path = AllRecipeCell.swift; sourceTree = "<group>"; };
		37E6361E290E497F00D516D4 /* AllRecipeCell.xib */ = {isa = PBXFileReference; lastKnownFileType = file.xib; path = AllRecipeCell.xib; sourceTree = "<group>"; };
		37E63621290E4DD500D516D4 /* RecipeTypeCell.swift */ = {isa = PBXFileReference; lastKnownFileType = sourcecode.swift; path = RecipeTypeCell.swift; sourceTree = "<group>"; };
		37E63623290E57BA00D516D4 /* RecipeHeaderView.swift */ = {isa = PBXFileReference; lastKnownFileType = sourcecode.swift; path = RecipeHeaderView.swift; sourceTree = "<group>"; };
		37E63625290E598000D516D4 /* UIImageView+Ext.swift */ = {isa = PBXFileReference; lastKnownFileType = sourcecode.swift; path = "UIImageView+Ext.swift"; sourceTree = "<group>"; };
		37E63627290E5EAB00D516D4 /* DetailRecipeViewController.swift */ = {isa = PBXFileReference; lastKnownFileType = sourcecode.swift; path = DetailRecipeViewController.swift; sourceTree = "<group>"; };
		37E6362B290E60D500D516D4 /* DetailBannerCell.swift */ = {isa = PBXFileReference; lastKnownFileType = sourcecode.swift; path = DetailBannerCell.swift; sourceTree = "<group>"; };
		37E6362C290E60D500D516D4 /* DetailBannerCell.xib */ = {isa = PBXFileReference; lastKnownFileType = file.xib; path = DetailBannerCell.xib; sourceTree = "<group>"; };
		37E6362F290E60E800D516D4 /* DetailIngredientCell.swift */ = {isa = PBXFileReference; lastKnownFileType = sourcecode.swift; path = DetailIngredientCell.swift; sourceTree = "<group>"; };
		37E63630290E60E800D516D4 /* DetailIngredientCell.xib */ = {isa = PBXFileReference; lastKnownFileType = file.xib; path = DetailIngredientCell.xib; sourceTree = "<group>"; };
		37E63633290E60F700D516D4 /* DetailProcedureCell.swift */ = {isa = PBXFileReference; lastKnownFileType = sourcecode.swift; path = DetailProcedureCell.swift; sourceTree = "<group>"; };
		37E63634290E60F700D516D4 /* DetailProcedureCell.xib */ = {isa = PBXFileReference; lastKnownFileType = file.xib; path = DetailProcedureCell.xib; sourceTree = "<group>"; };
		37E63637290E6EB900D516D4 /* DetailRecipeHeaderView.swift */ = {isa = PBXFileReference; lastKnownFileType = sourcecode.swift; path = DetailRecipeHeaderView.swift; sourceTree = "<group>"; };
		517F2D7545434C37ABC19360 /* Pods-CookAndShare.release.xcconfig */ = {isa = PBXFileReference; includeInIndex = 1; lastKnownFileType = text.xcconfig; name = "Pods-CookAndShare.release.xcconfig"; path = "Target Support Files/Pods-CookAndShare/Pods-CookAndShare.release.xcconfig"; sourceTree = "<group>"; };
		92C4A81AF54EA5965DB8EE93 /* Pods-CookAndShare.debug.xcconfig */ = {isa = PBXFileReference; includeInIndex = 1; lastKnownFileType = text.xcconfig; name = "Pods-CookAndShare.debug.xcconfig"; path = "Target Support Files/Pods-CookAndShare/Pods-CookAndShare.debug.xcconfig"; sourceTree = "<group>"; };
/* End PBXFileReference section */

/* Begin PBXFrameworksBuildPhase section */
		37D69C52290BCF970034D8E1 /* Frameworks */ = {
			isa = PBXFrameworksBuildPhase;
			buildActionMask = 2147483647;
			files = (
				3FCAABA4B3E38E622861E889 /* Pods_CookAndShare.framework in Frameworks */,
			);
			runOnlyForDeploymentPostprocessing = 0;
		};
/* End PBXFrameworksBuildPhase section */

/* Begin PBXGroup section */
		37D69C4C290BCF970034D8E1 = {
			isa = PBXGroup;
			children = (
				37D69C57290BCF970034D8E1 /* CookAndShare */,
				37D69C56290BCF970034D8E1 /* Products */,
				5A573818B45E4AF89687A7D9 /* Pods */,
				95F592EFB962341C8D0C0E04 /* Frameworks */,
			);
			sourceTree = "<group>";
		};
		37D69C56290BCF970034D8E1 /* Products */ = {
			isa = PBXGroup;
			children = (
				37D69C55290BCF970034D8E1 /* CookAndShare.app */,
			);
			name = Products;
			sourceTree = "<group>";
		};
		37D69C57290BCF970034D8E1 /* CookAndShare */ = {
			isa = PBXGroup;
			children = (
				37D69CC3290D48640034D8E1 /* Server */,
				37D69CA1290C15850034D8E1 /* Extension */,
				37D69C8A290C11B10034D8E1 /* Helpers */,
				37D69C7C290BDEA40034D8E1 /* Controller */,
				37D69C7A290BDE1C0034D8E1 /* View */,
				37D69C75290BDCDF0034D8E1 /* Model */,
				37D69C7B290BDE250034D8E1 /* ViewModel */,
				37D69C58290BCF970034D8E1 /* AppDelegate.swift */,
				37D69C5A290BCF970034D8E1 /* SceneDelegate.swift */,
				37D69C61290BCF980034D8E1 /* Assets.xcassets */,
				37D69C66290BCF980034D8E1 /* Info.plist */,
				37D69C6C290BD46D0034D8E1 /* GoogleService-Info.plist */,
			);
			path = CookAndShare;
			sourceTree = "<group>";
		};
		37D69C75290BDCDF0034D8E1 /* Model */ = {
			isa = PBXGroup;
			children = (
				37D69C76290BDCEA0034D8E1 /* Recipe.swift */,
				37D69C78290BDD020034D8E1 /* User.swift */,
				37D69C7D290BDF120034D8E1 /* Share.swift */,
				37D69C7F290BDF880034D8E1 /* Conversation.swift */,
			);
			path = Model;
			sourceTree = "<group>";
		};
		37D69C7A290BDE1C0034D8E1 /* View */ = {
			isa = PBXGroup;
			children = (
				37E63615290E48FB00D516D4 /* Recipe.storyboard */,
				37D69CBA290CDD700034D8E1 /* NewPost.storyboard */,
				37D69C5E290BCF970034D8E1 /* Main.storyboard */,
				37D69C63290BCF980034D8E1 /* LaunchScreen.storyboard */,
				37D69C8D290C128A0034D8E1 /* Cells */,
			);
			path = View;
			sourceTree = "<group>";
		};
		37D69C7B290BDE250034D8E1 /* ViewModel */ = {
			isa = PBXGroup;
			children = (
			);
			path = ViewModel;
			sourceTree = "<group>";
		};
		37D69C7C290BDEA40034D8E1 /* Controller */ = {
			isa = PBXGroup;
			children = (
				37D69C83290C0D030034D8E1 /* Recipe */,
				37D69C84290C0D0C0034D8E1 /* Share */,
				37D69C85290C0D190034D8E1 /* NewPost */,
				37D69C86290C0D1F0034D8E1 /* Map */,
				37D69C87290C0D240034D8E1 /* Profile */,
			);
			path = Controller;
			sourceTree = "<group>";
		};
		37D69C83290C0D030034D8E1 /* Recipe */ = {
			isa = PBXGroup;
			children = (
				37D69C81290BEBBA0034D8E1 /* RecipeViewController.swift */,
				37E63627290E5EAB00D516D4 /* DetailRecipeViewController.swift */,
				37875369290ED37300F06F4C /* SearchViewController.swift */,
				3787536B290ED80900F06F4C /* ResultViewController.swift */,
			);
			path = Recipe;
			sourceTree = "<group>";
		};
		37D69C84290C0D0C0034D8E1 /* Share */ = {
			isa = PBXGroup;
			children = (
			);
			path = Share;
			sourceTree = "<group>";
		};
		37D69C85290C0D190034D8E1 /* NewPost */ = {
			isa = PBXGroup;
			children = (
				37D69C88290C0D500034D8E1 /* NewPostViewController.swift */,
				37D69CB6290CD9070034D8E1 /* NewRecipeViewController.swift */,
			);
			path = NewPost;
			sourceTree = "<group>";
		};
		37D69C86290C0D1F0034D8E1 /* Map */ = {
			isa = PBXGroup;
			children = (
			);
			path = Map;
			sourceTree = "<group>";
		};
		37D69C87290C0D240034D8E1 /* Profile */ = {
			isa = PBXGroup;
			children = (
			);
			path = Profile;
			sourceTree = "<group>";
		};
		37D69C8A290C11B10034D8E1 /* Helpers */ = {
			isa = PBXGroup;
			children = (
				37D69C8B290C11C40034D8E1 /* Constant.swift */,
			);
			path = Helpers;
			sourceTree = "<group>";
		};
		37D69C8D290C128A0034D8E1 /* Cells */ = {
			isa = PBXGroup;
			children = (
				37E63618290E492600D516D4 /* Recipe */,
				37D69C8E290C12900034D8E1 /* NewPost */,
			);
			path = Cells;
			sourceTree = "<group>";
		};
		37D69C8E290C12900034D8E1 /* NewPost */ = {
			isa = PBXGroup;
			children = (
				37D69CB8290CDB190034D8E1 /* NewRecipe */,
				37D69CB9290CDB2E0034D8E1 /* NewPost */,
			);
			path = NewPost;
			sourceTree = "<group>";
		};
		37D69CA1290C15850034D8E1 /* Extension */ = {
			isa = PBXGroup;
			children = (
				37D69CA2290C15990034D8E1 /* UITableView+Ext.swift */,
				37D69CA4290C15B30034D8E1 /* UICollectionView+Ext.swift */,
				37D69CC1290D10AE0034D8E1 /* String+Ext.swift */,
				37E63625290E598000D516D4 /* UIImageView+Ext.swift */,
			);
			path = Extension;
			sourceTree = "<group>";
		};
		37D69CB8290CDB190034D8E1 /* NewRecipe */ = {
			isa = PBXGroup;
			children = (
				37D69CAA290CBE050034D8E1 /* NewRecipeDescriptionCell.swift */,
				37D69CAB290CBE050034D8E1 /* NewRecipeDescriptionCell.xib */,
				37D69CAE290CBE1C0034D8E1 /* NewRecipeIngredientCell.swift */,
				37D69CAF290CBE1C0034D8E1 /* NewRecipeIngredientCell.xib */,
				37D69CB2290CBE310034D8E1 /* NewRecipeProcedureCell.swift */,
				37D69CB3290CBE310034D8E1 /* NewRecipeProcedureCell.xib */,
				37D69CBD290CE49B0034D8E1 /* NewRecipeHeaderView.swift */,
				37D69CBF290CF3910034D8E1 /* NewRecipeFooterView.swift */,
			);
			path = NewRecipe;
			sourceTree = "<group>";
		};
		37D69CB9290CDB2E0034D8E1 /* NewPost */ = {
			isa = PBXGroup;
			children = (
				37D69C97290C14670034D8E1 /* NewPostCell.swift */,
				37D69C98290C14670034D8E1 /* NewPostCell.xib */,
				37D69C9D290C14880034D8E1 /* DraftCell.swift */,
				37D69C9E290C14880034D8E1 /* DraftCell.xib */,
				37D69CA6290C1A0B0034D8E1 /* NewPostSupplementaryView.swift */,
				37D69CA8290C1A1E0034D8E1 /* DraftSupplementaryView.swift */,
			);
			path = NewPost;
			sourceTree = "<group>";
		};
		37D69CC3290D48640034D8E1 /* Server */ = {
			isa = PBXGroup;
			children = (
				37D69CC4290D48790034D8E1 /* FirestoreManager.swift */,
			);
			path = Server;
			sourceTree = "<group>";
		};
		37E63618290E492600D516D4 /* Recipe */ = {
			isa = PBXGroup;
			children = (
				37E63629290E606C00D516D4 /* DetailRecipe */,
				37E6362A290E608800D516D4 /* Lobby */,
			);
			path = Recipe;
			sourceTree = "<group>";
		};
		37E63629290E606C00D516D4 /* DetailRecipe */ = {
			isa = PBXGroup;
			children = (
				37E6362B290E60D500D516D4 /* DetailBannerCell.swift */,
				37E6362C290E60D500D516D4 /* DetailBannerCell.xib */,
				37E6362F290E60E800D516D4 /* DetailIngredientCell.swift */,
				37E63630290E60E800D516D4 /* DetailIngredientCell.xib */,
				37E63633290E60F700D516D4 /* DetailProcedureCell.swift */,
				37E63634290E60F700D516D4 /* DetailProcedureCell.xib */,
				37E63637290E6EB900D516D4 /* DetailRecipeHeaderView.swift */,
			);
			path = DetailRecipe;
			sourceTree = "<group>";
		};
		37E6362A290E608800D516D4 /* Lobby */ = {
			isa = PBXGroup;
			children = (
				37E63619290E496300D516D4 /* HotRecipeCell.swift */,
				37E6361A290E496300D516D4 /* HotRecipeCell.xib */,
				37E6361D290E497F00D516D4 /* AllRecipeCell.swift */,
				37E6361E290E497F00D516D4 /* AllRecipeCell.xib */,
				37E63621290E4DD500D516D4 /* RecipeTypeCell.swift */,
				37E63623290E57BA00D516D4 /* RecipeHeaderView.swift */,
			);
			path = Lobby;
			sourceTree = "<group>";
		};
		5A573818B45E4AF89687A7D9 /* Pods */ = {
			isa = PBXGroup;
			children = (
				92C4A81AF54EA5965DB8EE93 /* Pods-CookAndShare.debug.xcconfig */,
				517F2D7545434C37ABC19360 /* Pods-CookAndShare.release.xcconfig */,
			);
			path = Pods;
			sourceTree = "<group>";
		};
		95F592EFB962341C8D0C0E04 /* Frameworks */ = {
			isa = PBXGroup;
			children = (
				2765B72C755ABFE4A4F5C911 /* Pods_CookAndShare.framework */,
			);
			name = Frameworks;
			sourceTree = "<group>";
		};
/* End PBXGroup section */

/* Begin PBXNativeTarget section */
		37D69C54290BCF970034D8E1 /* CookAndShare */ = {
			isa = PBXNativeTarget;
			buildConfigurationList = 37D69C69290BCF980034D8E1 /* Build configuration list for PBXNativeTarget "CookAndShare" */;
			buildPhases = (
				D2BA243675E4ADC44BCDB917 /* [CP] Check Pods Manifest.lock */,
				37D69C51290BCF970034D8E1 /* Sources */,
				37D69C52290BCF970034D8E1 /* Frameworks */,
				37D69C53290BCF970034D8E1 /* Resources */,
				7D63C74869D0967C70A3BE98 /* [CP] Embed Pods Frameworks */,
				3787536D290F5D4E00F06F4C /* ShellScript */,
			);
			buildRules = (
			);
			dependencies = (
			);
			name = CookAndShare;
			productName = CookAndShare;
			productReference = 37D69C55290BCF970034D8E1 /* CookAndShare.app */;
			productType = "com.apple.product-type.application";
		};
/* End PBXNativeTarget section */

/* Begin PBXProject section */
		37D69C4D290BCF970034D8E1 /* Project object */ = {
			isa = PBXProject;
			attributes = {
				BuildIndependentTargetsInParallel = 1;
				LastSwiftUpdateCheck = 1340;
				LastUpgradeCheck = 1340;
				TargetAttributes = {
					37D69C54290BCF970034D8E1 = {
						CreatedOnToolsVersion = 13.4;
					};
				};
			};
			buildConfigurationList = 37D69C50290BCF970034D8E1 /* Build configuration list for PBXProject "CookAndShare" */;
			compatibilityVersion = "Xcode 13.0";
			developmentRegion = en;
			hasScannedForEncodings = 0;
			knownRegions = (
				en,
				Base,
			);
			mainGroup = 37D69C4C290BCF970034D8E1;
			productRefGroup = 37D69C56290BCF970034D8E1 /* Products */;
			projectDirPath = "";
			projectRoot = "";
			targets = (
				37D69C54290BCF970034D8E1 /* CookAndShare */,
			);
		};
/* End PBXProject section */

/* Begin PBXResourcesBuildPhase section */
		37D69C53290BCF970034D8E1 /* Resources */ = {
			isa = PBXResourcesBuildPhase;
			buildActionMask = 2147483647;
			files = (
				37D69C65290BCF980034D8E1 /* LaunchScreen.storyboard in Resources */,
				37D69CAD290CBE050034D8E1 /* NewRecipeDescriptionCell.xib in Resources */,
				37D69C9A290C14670034D8E1 /* NewPostCell.xib in Resources */,
				37D69C6D290BD46D0034D8E1 /* GoogleService-Info.plist in Resources */,
				37E63636290E60F700D516D4 /* DetailProcedureCell.xib in Resources */,
				37D69C62290BCF980034D8E1 /* Assets.xcassets in Resources */,
				37E63620290E497F00D516D4 /* AllRecipeCell.xib in Resources */,
				37E63632290E60E800D516D4 /* DetailIngredientCell.xib in Resources */,
				37E6362E290E60D500D516D4 /* DetailBannerCell.xib in Resources */,
				37D69CBC290CDD700034D8E1 /* NewPost.storyboard in Resources */,
				37D69C60290BCF970034D8E1 /* Main.storyboard in Resources */,
				37E63617290E48FB00D516D4 /* Recipe.storyboard in Resources */,
				37D69CA0290C14880034D8E1 /* DraftCell.xib in Resources */,
				37E6361C290E496300D516D4 /* HotRecipeCell.xib in Resources */,
				37D69CB1290CBE1C0034D8E1 /* NewRecipeIngredientCell.xib in Resources */,
				37D69CB5290CBE310034D8E1 /* NewRecipeProcedureCell.xib in Resources */,
			);
			runOnlyForDeploymentPostprocessing = 0;
		};
/* End PBXResourcesBuildPhase section */

/* Begin PBXShellScriptBuildPhase section */
		3787536D290F5D4E00F06F4C /* ShellScript */ = {
			isa = PBXShellScriptBuildPhase;
			buildActionMask = 2147483647;
			files = (
			);
			inputFileListPaths = (
			);
			inputPaths = (
			);
			outputFileListPaths = (
			);
			outputPaths = (
			);
			runOnlyForDeploymentPostprocessing = 0;
			shellPath = /bin/sh;
			shellScript = "\"${PODS_ROOT}/SwiftLint/swiftlint\"\n";
		};
		7D63C74869D0967C70A3BE98 /* [CP] Embed Pods Frameworks */ = {
			isa = PBXShellScriptBuildPhase;
			buildActionMask = 2147483647;
			files = (
			);
			inputFileListPaths = (
				"${PODS_ROOT}/Target Support Files/Pods-CookAndShare/Pods-CookAndShare-frameworks-${CONFIGURATION}-input-files.xcfilelist",
			);
			name = "[CP] Embed Pods Frameworks";
			outputFileListPaths = (
				"${PODS_ROOT}/Target Support Files/Pods-CookAndShare/Pods-CookAndShare-frameworks-${CONFIGURATION}-output-files.xcfilelist",
			);
			runOnlyForDeploymentPostprocessing = 0;
			shellPath = /bin/sh;
			shellScript = "\"${PODS_ROOT}/Target Support Files/Pods-CookAndShare/Pods-CookAndShare-frameworks.sh\"\n";
			showEnvVarsInLog = 0;
		};
		D2BA243675E4ADC44BCDB917 /* [CP] Check Pods Manifest.lock */ = {
			isa = PBXShellScriptBuildPhase;
			buildActionMask = 2147483647;
			files = (
			);
			inputFileListPaths = (
			);
			inputPaths = (
				"${PODS_PODFILE_DIR_PATH}/Podfile.lock",
				"${PODS_ROOT}/Manifest.lock",
			);
			name = "[CP] Check Pods Manifest.lock";
			outputFileListPaths = (
			);
			outputPaths = (
				"$(DERIVED_FILE_DIR)/Pods-CookAndShare-checkManifestLockResult.txt",
			);
			runOnlyForDeploymentPostprocessing = 0;
			shellPath = /bin/sh;
			shellScript = "diff \"${PODS_PODFILE_DIR_PATH}/Podfile.lock\" \"${PODS_ROOT}/Manifest.lock\" > /dev/null\nif [ $? != 0 ] ; then\n    # print error to STDERR\n    echo \"error: The sandbox is not in sync with the Podfile.lock. Run 'pod install' or update your CocoaPods installation.\" >&2\n    exit 1\nfi\n# This output is used by Xcode 'outputs' to avoid re-running this script phase.\necho \"SUCCESS\" > \"${SCRIPT_OUTPUT_FILE_0}\"\n";
			showEnvVarsInLog = 0;
		};
/* End PBXShellScriptBuildPhase section */

/* Begin PBXSourcesBuildPhase section */
		37D69C51290BCF970034D8E1 /* Sources */ = {
			isa = PBXSourcesBuildPhase;
			buildActionMask = 2147483647;
			files = (
				37D69CC5290D48790034D8E1 /* FirestoreManager.swift in Sources */,
				37E63622290E4DD500D516D4 /* RecipeTypeCell.swift in Sources */,
				37D69C99290C14670034D8E1 /* NewPostCell.swift in Sources */,
				37D69CB0290CBE1C0034D8E1 /* NewRecipeIngredientCell.swift in Sources */,
				37D69C7E290BDF120034D8E1 /* Share.swift in Sources */,
				37D69C59290BCF970034D8E1 /* AppDelegate.swift in Sources */,
				37D69C8C290C11C40034D8E1 /* Constant.swift in Sources */,
				37D69C5B290BCF970034D8E1 /* SceneDelegate.swift in Sources */,
				37E6362D290E60D500D516D4 /* DetailBannerCell.swift in Sources */,
				37D69CBE290CE49B0034D8E1 /* NewRecipeHeaderView.swift in Sources */,
				37D69C80290BDF880034D8E1 /* Conversation.swift in Sources */,
				37E6361B290E496300D516D4 /* HotRecipeCell.swift in Sources */,
				37D69C82290BEBBA0034D8E1 /* RecipeViewController.swift in Sources */,
				37D69CB7290CD9070034D8E1 /* NewRecipeViewController.swift in Sources */,
				37D69CC2290D10AE0034D8E1 /* String+Ext.swift in Sources */,
				37D69CB4290CBE310034D8E1 /* NewRecipeProcedureCell.swift in Sources */,
				37E63635290E60F700D516D4 /* DetailProcedureCell.swift in Sources */,
				37E63624290E57BA00D516D4 /* RecipeHeaderView.swift in Sources */,
				37D69C89290C0D500034D8E1 /* NewPostViewController.swift in Sources */,
				37D69C9F290C14880034D8E1 /* DraftCell.swift in Sources */,
				3787536A290ED37300F06F4C /* SearchViewController.swift in Sources */,
				37D69CA3290C15990034D8E1 /* UITableView+Ext.swift in Sources */,
				37D69CA9290C1A1E0034D8E1 /* DraftSupplementaryView.swift in Sources */,
				37E63628290E5EAB00D516D4 /* DetailRecipeViewController.swift in Sources */,
				37E63626290E598000D516D4 /* UIImageView+Ext.swift in Sources */,
				37D69C79290BDD020034D8E1 /* User.swift in Sources */,
				37D69CC0290CF3910034D8E1 /* NewRecipeFooterView.swift in Sources */,
				37E63638290E6EB900D516D4 /* DetailRecipeHeaderView.swift in Sources */,
				37E6361F290E497F00D516D4 /* AllRecipeCell.swift in Sources */,
				37D69CA5290C15B30034D8E1 /* UICollectionView+Ext.swift in Sources */,
				3787536C290ED80900F06F4C /* ResultViewController.swift in Sources */,
				37D69C77290BDCEA0034D8E1 /* Recipe.swift in Sources */,
				37E63631290E60E800D516D4 /* DetailIngredientCell.swift in Sources */,
				37D69CA7290C1A0B0034D8E1 /* NewPostSupplementaryView.swift in Sources */,
				37D69CAC290CBE050034D8E1 /* NewRecipeDescriptionCell.swift in Sources */,
			);
			runOnlyForDeploymentPostprocessing = 0;
		};
/* End PBXSourcesBuildPhase section */

/* Begin PBXVariantGroup section */
		37D69C5E290BCF970034D8E1 /* Main.storyboard */ = {
			isa = PBXVariantGroup;
			children = (
				37D69C5F290BCF970034D8E1 /* Base */,
			);
			name = Main.storyboard;
			sourceTree = "<group>";
		};
		37D69C63290BCF980034D8E1 /* LaunchScreen.storyboard */ = {
			isa = PBXVariantGroup;
			children = (
				37D69C64290BCF980034D8E1 /* Base */,
			);
			name = LaunchScreen.storyboard;
			sourceTree = "<group>";
		};
		37D69CBA290CDD700034D8E1 /* NewPost.storyboard */ = {
			isa = PBXVariantGroup;
			children = (
				37D69CBB290CDD700034D8E1 /* Base */,
			);
			name = NewPost.storyboard;
			sourceTree = "<group>";
		};
		37E63615290E48FB00D516D4 /* Recipe.storyboard */ = {
			isa = PBXVariantGroup;
			children = (
				37E63616290E48FB00D516D4 /* Base */,
			);
			name = Recipe.storyboard;
			sourceTree = "<group>";
		};
/* End PBXVariantGroup section */

/* Begin XCBuildConfiguration section */
		37D69C67290BCF980034D8E1 /* Debug */ = {
			isa = XCBuildConfiguration;
			buildSettings = {
				ALWAYS_SEARCH_USER_PATHS = NO;
				CLANG_ANALYZER_NONNULL = YES;
				CLANG_ANALYZER_NUMBER_OBJECT_CONVERSION = YES_AGGRESSIVE;
				CLANG_CXX_LANGUAGE_STANDARD = "gnu++17";
				CLANG_ENABLE_MODULES = YES;
				CLANG_ENABLE_OBJC_ARC = YES;
				CLANG_ENABLE_OBJC_WEAK = YES;
				CLANG_WARN_BLOCK_CAPTURE_AUTORELEASING = YES;
				CLANG_WARN_BOOL_CONVERSION = YES;
				CLANG_WARN_COMMA = YES;
				CLANG_WARN_CONSTANT_CONVERSION = YES;
				CLANG_WARN_DEPRECATED_OBJC_IMPLEMENTATIONS = YES;
				CLANG_WARN_DIRECT_OBJC_ISA_USAGE = YES_ERROR;
				CLANG_WARN_DOCUMENTATION_COMMENTS = YES;
				CLANG_WARN_EMPTY_BODY = YES;
				CLANG_WARN_ENUM_CONVERSION = YES;
				CLANG_WARN_INFINITE_RECURSION = YES;
				CLANG_WARN_INT_CONVERSION = YES;
				CLANG_WARN_NON_LITERAL_NULL_CONVERSION = YES;
				CLANG_WARN_OBJC_IMPLICIT_RETAIN_SELF = YES;
				CLANG_WARN_OBJC_LITERAL_CONVERSION = YES;
				CLANG_WARN_OBJC_ROOT_CLASS = YES_ERROR;
				CLANG_WARN_QUOTED_INCLUDE_IN_FRAMEWORK_HEADER = YES;
				CLANG_WARN_RANGE_LOOP_ANALYSIS = YES;
				CLANG_WARN_STRICT_PROTOTYPES = YES;
				CLANG_WARN_SUSPICIOUS_MOVE = YES;
				CLANG_WARN_UNGUARDED_AVAILABILITY = YES_AGGRESSIVE;
				CLANG_WARN_UNREACHABLE_CODE = YES;
				CLANG_WARN__DUPLICATE_METHOD_MATCH = YES;
				COPY_PHASE_STRIP = NO;
				DEBUG_INFORMATION_FORMAT = dwarf;
				ENABLE_STRICT_OBJC_MSGSEND = YES;
				ENABLE_TESTABILITY = YES;
				GCC_C_LANGUAGE_STANDARD = gnu11;
				GCC_DYNAMIC_NO_PIC = NO;
				GCC_NO_COMMON_BLOCKS = YES;
				GCC_OPTIMIZATION_LEVEL = 0;
				GCC_PREPROCESSOR_DEFINITIONS = (
					"DEBUG=1",
					"$(inherited)",
				);
				GCC_WARN_64_TO_32_BIT_CONVERSION = YES;
				GCC_WARN_ABOUT_RETURN_TYPE = YES_ERROR;
				GCC_WARN_UNDECLARED_SELECTOR = YES;
				GCC_WARN_UNINITIALIZED_AUTOS = YES_AGGRESSIVE;
				GCC_WARN_UNUSED_FUNCTION = YES;
				GCC_WARN_UNUSED_VARIABLE = YES;
				IPHONEOS_DEPLOYMENT_TARGET = 14.0;
				MTL_ENABLE_DEBUG_INFO = INCLUDE_SOURCE;
				MTL_FAST_MATH = YES;
				ONLY_ACTIVE_ARCH = YES;
				SDKROOT = iphoneos;
				SWIFT_ACTIVE_COMPILATION_CONDITIONS = DEBUG;
				SWIFT_OPTIMIZATION_LEVEL = "-Onone";
			};
			name = Debug;
		};
		37D69C68290BCF980034D8E1 /* Release */ = {
			isa = XCBuildConfiguration;
			buildSettings = {
				ALWAYS_SEARCH_USER_PATHS = NO;
				CLANG_ANALYZER_NONNULL = YES;
				CLANG_ANALYZER_NUMBER_OBJECT_CONVERSION = YES_AGGRESSIVE;
				CLANG_CXX_LANGUAGE_STANDARD = "gnu++17";
				CLANG_ENABLE_MODULES = YES;
				CLANG_ENABLE_OBJC_ARC = YES;
				CLANG_ENABLE_OBJC_WEAK = YES;
				CLANG_WARN_BLOCK_CAPTURE_AUTORELEASING = YES;
				CLANG_WARN_BOOL_CONVERSION = YES;
				CLANG_WARN_COMMA = YES;
				CLANG_WARN_CONSTANT_CONVERSION = YES;
				CLANG_WARN_DEPRECATED_OBJC_IMPLEMENTATIONS = YES;
				CLANG_WARN_DIRECT_OBJC_ISA_USAGE = YES_ERROR;
				CLANG_WARN_DOCUMENTATION_COMMENTS = YES;
				CLANG_WARN_EMPTY_BODY = YES;
				CLANG_WARN_ENUM_CONVERSION = YES;
				CLANG_WARN_INFINITE_RECURSION = YES;
				CLANG_WARN_INT_CONVERSION = YES;
				CLANG_WARN_NON_LITERAL_NULL_CONVERSION = YES;
				CLANG_WARN_OBJC_IMPLICIT_RETAIN_SELF = YES;
				CLANG_WARN_OBJC_LITERAL_CONVERSION = YES;
				CLANG_WARN_OBJC_ROOT_CLASS = YES_ERROR;
				CLANG_WARN_QUOTED_INCLUDE_IN_FRAMEWORK_HEADER = YES;
				CLANG_WARN_RANGE_LOOP_ANALYSIS = YES;
				CLANG_WARN_STRICT_PROTOTYPES = YES;
				CLANG_WARN_SUSPICIOUS_MOVE = YES;
				CLANG_WARN_UNGUARDED_AVAILABILITY = YES_AGGRESSIVE;
				CLANG_WARN_UNREACHABLE_CODE = YES;
				CLANG_WARN__DUPLICATE_METHOD_MATCH = YES;
				COPY_PHASE_STRIP = NO;
				DEBUG_INFORMATION_FORMAT = "dwarf-with-dsym";
				ENABLE_NS_ASSERTIONS = NO;
				ENABLE_STRICT_OBJC_MSGSEND = YES;
				GCC_C_LANGUAGE_STANDARD = gnu11;
				GCC_NO_COMMON_BLOCKS = YES;
				GCC_WARN_64_TO_32_BIT_CONVERSION = YES;
				GCC_WARN_ABOUT_RETURN_TYPE = YES_ERROR;
				GCC_WARN_UNDECLARED_SELECTOR = YES;
				GCC_WARN_UNINITIALIZED_AUTOS = YES_AGGRESSIVE;
				GCC_WARN_UNUSED_FUNCTION = YES;
				GCC_WARN_UNUSED_VARIABLE = YES;
				IPHONEOS_DEPLOYMENT_TARGET = 14.0;
				MTL_ENABLE_DEBUG_INFO = NO;
				MTL_FAST_MATH = YES;
				SDKROOT = iphoneos;
				SWIFT_COMPILATION_MODE = wholemodule;
				SWIFT_OPTIMIZATION_LEVEL = "-O";
				VALIDATE_PRODUCT = YES;
			};
			name = Release;
		};
		37D69C6A290BCF980034D8E1 /* Debug */ = {
			isa = XCBuildConfiguration;
			baseConfigurationReference = 92C4A81AF54EA5965DB8EE93 /* Pods-CookAndShare.debug.xcconfig */;
			buildSettings = {
				ASSETCATALOG_COMPILER_APPICON_NAME = AppIcon;
				ASSETCATALOG_COMPILER_GLOBAL_ACCENT_COLOR_NAME = AccentColor;
				CODE_SIGN_STYLE = Automatic;
				CURRENT_PROJECT_VERSION = 1;
				DEVELOPMENT_TEAM = PDRVZ7DT2S;
				GENERATE_INFOPLIST_FILE = YES;
				INFOPLIST_FILE = CookAndShare/Info.plist;
				INFOPLIST_KEY_UIApplicationSupportsIndirectInputEvents = YES;
				INFOPLIST_KEY_UILaunchStoryboardName = LaunchScreen;
				INFOPLIST_KEY_UIMainStoryboardFile = Main;
				INFOPLIST_KEY_UISupportedInterfaceOrientations_iPad = "UIInterfaceOrientationPortrait UIInterfaceOrientationPortraitUpsideDown UIInterfaceOrientationLandscapeLeft UIInterfaceOrientationLandscapeRight";
				INFOPLIST_KEY_UISupportedInterfaceOrientations_iPhone = "UIInterfaceOrientationPortrait UIInterfaceOrientationLandscapeLeft UIInterfaceOrientationLandscapeRight";
				LD_RUNPATH_SEARCH_PATHS = (
					"$(inherited)",
					"@executable_path/Frameworks",
				);
				MARKETING_VERSION = 1.0;
				PRODUCT_BUNDLE_IDENTIFIER = com.jessica.CookAndShare;
				PRODUCT_NAME = "$(TARGET_NAME)";
				SWIFT_EMIT_LOC_STRINGS = YES;
				SWIFT_VERSION = 5.0;
				TARGETED_DEVICE_FAMILY = "1,2";
			};
			name = Debug;
		};
		37D69C6B290BCF980034D8E1 /* Release */ = {
			isa = XCBuildConfiguration;
			baseConfigurationReference = 517F2D7545434C37ABC19360 /* Pods-CookAndShare.release.xcconfig */;
			buildSettings = {
				ASSETCATALOG_COMPILER_APPICON_NAME = AppIcon;
				ASSETCATALOG_COMPILER_GLOBAL_ACCENT_COLOR_NAME = AccentColor;
				CODE_SIGN_STYLE = Automatic;
				CURRENT_PROJECT_VERSION = 1;
				DEVELOPMENT_TEAM = PDRVZ7DT2S;
				GENERATE_INFOPLIST_FILE = YES;
				INFOPLIST_FILE = CookAndShare/Info.plist;
				INFOPLIST_KEY_UIApplicationSupportsIndirectInputEvents = YES;
				INFOPLIST_KEY_UILaunchStoryboardName = LaunchScreen;
				INFOPLIST_KEY_UIMainStoryboardFile = Main;
				INFOPLIST_KEY_UISupportedInterfaceOrientations_iPad = "UIInterfaceOrientationPortrait UIInterfaceOrientationPortraitUpsideDown UIInterfaceOrientationLandscapeLeft UIInterfaceOrientationLandscapeRight";
				INFOPLIST_KEY_UISupportedInterfaceOrientations_iPhone = "UIInterfaceOrientationPortrait UIInterfaceOrientationLandscapeLeft UIInterfaceOrientationLandscapeRight";
				LD_RUNPATH_SEARCH_PATHS = (
					"$(inherited)",
					"@executable_path/Frameworks",
				);
				MARKETING_VERSION = 1.0;
				PRODUCT_BUNDLE_IDENTIFIER = com.jessica.CookAndShare;
				PRODUCT_NAME = "$(TARGET_NAME)";
				SWIFT_EMIT_LOC_STRINGS = YES;
				SWIFT_VERSION = 5.0;
				TARGETED_DEVICE_FAMILY = "1,2";
			};
			name = Release;
		};
/* End XCBuildConfiguration section */

/* Begin XCConfigurationList section */
		37D69C50290BCF970034D8E1 /* Build configuration list for PBXProject "CookAndShare" */ = {
			isa = XCConfigurationList;
			buildConfigurations = (
				37D69C67290BCF980034D8E1 /* Debug */,
				37D69C68290BCF980034D8E1 /* Release */,
			);
			defaultConfigurationIsVisible = 0;
			defaultConfigurationName = Release;
		};
		37D69C69290BCF980034D8E1 /* Build configuration list for PBXNativeTarget "CookAndShare" */ = {
			isa = XCConfigurationList;
			buildConfigurations = (
				37D69C6A290BCF980034D8E1 /* Debug */,
				37D69C6B290BCF980034D8E1 /* Release */,
			);
			defaultConfigurationIsVisible = 0;
			defaultConfigurationName = Release;
		};
/* End XCConfigurationList section */
	};
	rootObject = 37D69C4D290BCF970034D8E1 /* Project object */;
}
